
Microsoft Visual Studio Solution File, Format Version 12.00
# Visual Studio Version 17
VisualStudioVersion = 17.0.31919.166
MinimumVisualStudioVersion = 10.0.40219.1
Project("{9A19103F-16F7-4668-BE54-9A1E7A4F7556}") = "Day4", "Day4\Day4.csproj", "{E9E543B8-9E34-4D11-86BC-F2D4D7A6ADE4}"
EndProject
Project("{9A19103F-16F7-4668-BE54-9A1E7A4F7556}") = "Day5", "Day5\Day5.csproj", "{F0B38046-ACA7-4136-AE1F-DD2CD59708FC}"
EndProject
Project("{9A19103F-16F7-4668-BE54-9A1E7A4F7556}") = "Day3", "Day3\Day3.csproj", "{BE195180-3DA9-4D13-9CC9-A6BF2CD8D482}"
EndProject
Project("{9A19103F-16F7-4668-BE54-9A1E7A4F7556}") = "Day2", "Day2\Day2.csproj", "{1830B527-B679-4FBB-B813-8EDC6275B07D}"
EndProject
Project("{9A19103F-16F7-4668-BE54-9A1E7A4F7556}") = "Day1", "Day1\Day1.csproj", "{05ECD59A-760C-429A-BA95-F48C2334F3F9}"
EndProject
Project("{9A19103F-16F7-4668-BE54-9A1E7A4F7556}") = "Day6", "Day6\Day6.csproj", "{F19403C7-B7E4-4ED7-8637-54308F806F99}"
EndProject
Project("{9A19103F-16F7-4668-BE54-9A1E7A4F7556}") = "Day7", "Day7\Day7.csproj", "{31718EB8-0272-4EBE-BC6F-BBB899709B41}"
EndProject
Project("{9A19103F-16F7-4668-BE54-9A1E7A4F7556}") = "Day8", "Day8\Day8.csproj", "{676105B7-146E-4FA7-9A22-5C28371CCCD8}"
EndProject
Project("{9A19103F-16F7-4668-BE54-9A1E7A4F7556}") = "Day9", "Day9\Day9.csproj", "{BC593397-26CE-4CD1-9C27-26024D8C235C}"
EndProject
Project("{9A19103F-16F7-4668-BE54-9A1E7A4F7556}") = "Day10", "Day10\Day10.csproj", "{5EDC6EA7-6739-4445-9FDF-08B185A38018}"
EndProject
Project("{9A19103F-16F7-4668-BE54-9A1E7A4F7556}") = "Day11", "Day11\Day11.csproj", "{7274D2F6-6CD4-4F43-BC83-E405A58C8583}"
EndProject
Project("{9A19103F-16F7-4668-BE54-9A1E7A4F7556}") = "Day12", "Day12\Day12.csproj", "{9CBEF4AB-FAC6-4310-BA60-617977678373}"
EndProject
Project("{9A19103F-16F7-4668-BE54-9A1E7A4F7556}") = "Day13", "Day13\Day13.csproj", "{6D637237-CDEA-48B3-A5E5-2F9408F580DD}"
EndProject
Project("{9A19103F-16F7-4668-BE54-9A1E7A4F7556}") = "Day14", "Day14\Day14.csproj", "{333676BA-E8A3-4E00-BD52-3B4885138AE5}"
EndProject
Project("{9A19103F-16F7-4668-BE54-9A1E7A4F7556}") = "Day15", "Day15\Day15.csproj", "{5AFD640F-D310-4426-A0E3-3CA7113E4ECA}"
EndProject
Project("{9A19103F-16F7-4668-BE54-9A1E7A4F7556}") = "Day16", "Day16\Day16.csproj", "{1233B146-A0C6-4214-8536-785BEF68A36B}"
EndProject
Project("{9A19103F-16F7-4668-BE54-9A1E7A4F7556}") = "Day17", "Day17\Day17.csproj", "{F5AAC3A1-7E7A-4B1A-9AF3-271C2EC86CBD}"
EndProject
Project("{9A19103F-16F7-4668-BE54-9A1E7A4F7556}") = "Day18", "Day18\Day18.csproj", "{52824670-0AEF-43C9-ABB5-64C30D057BDE}"
EndProject
Project("{9A19103F-16F7-4668-BE54-9A1E7A4F7556}") = "Day19", "Day19\Day19.csproj", "{E1C28EAD-3960-4BAA-8A30-734A70A62FB8}"
EndProject
Project("{9A19103F-16F7-4668-BE54-9A1E7A4F7556}") = "Day20", "Day20\Day20.csproj", "{FA7D6613-0A9B-48E7-9DFB-582C8503143B}"
EndProject
Project("{9A19103F-16F7-4668-BE54-9A1E7A4F7556}") = "Day21", "Day21\Day21.csproj", "{8E96CE92-D4C0-4DDD-BFD7-F579B1DB60CB}"
EndProject
Project("{9A19103F-16F7-4668-BE54-9A1E7A4F7556}") = "Day22", "Day22\Day22.csproj", "{F91DB803-8C78-49A8-BF3F-12D71781CCA6}"
EndProject
Project("{9A19103F-16F7-4668-BE54-9A1E7A4F7556}") = "Day23", "Day23\Day23.csproj", "{53D7864D-7AFF-4A93-B018-A71A0B6C9D1B}"
EndProject
Project("{9A19103F-16F7-4668-BE54-9A1E7A4F7556}") = "Day24", "Day24\Day24.csproj", "{B9E9640B-802C-460A-88C6-DE0B06855249}"
EndProject
Project("{9A19103F-16F7-4668-BE54-9A1E7A4F7556}") = "Day25", "Day25\Day25.csproj", "{76B52068-927E-47BF-A880-A3C54A99E006}"
EndProject
Project("{9092AA53-FB77-4645-B42D-1CCCA6BD08BD}") = "ScratchExtensionsForNiels", "ScratchExtensionsForNiels\ScratchExtensionsForNiels.njsproj", "{C5EB18EB-7C7D-4AA1-A41B-E3F8654996A0}"
EndProject
Global
	GlobalSection(SolutionConfigurationPlatforms) = preSolution
		Debug|Any CPU = Debug|Any CPU
		Release|Any CPU = Release|Any CPU
	EndGlobalSection
	GlobalSection(ProjectConfigurationPlatforms) = postSolution
		{E9E543B8-9E34-4D11-86BC-F2D4D7A6ADE4}.Debug|Any CPU.ActiveCfg = Debug|Any CPU
		{E9E543B8-9E34-4D11-86BC-F2D4D7A6ADE4}.Debug|Any CPU.Build.0 = Debug|Any CPU
		{E9E543B8-9E34-4D11-86BC-F2D4D7A6ADE4}.Release|Any CPU.ActiveCfg = Release|Any CPU
		{E9E543B8-9E34-4D11-86BC-F2D4D7A6ADE4}.Release|Any CPU.Build.0 = Release|Any CPU
		{F0B38046-ACA7-4136-AE1F-DD2CD59708FC}.Debug|Any CPU.ActiveCfg = Debug|Any CPU
		{F0B38046-ACA7-4136-AE1F-DD2CD59708FC}.Debug|Any CPU.Build.0 = Debug|Any CPU
		{F0B38046-ACA7-4136-AE1F-DD2CD59708FC}.Release|Any CPU.ActiveCfg = Release|Any CPU
		{F0B38046-ACA7-4136-AE1F-DD2CD59708FC}.Release|Any CPU.Build.0 = Release|Any CPU
		{BE195180-3DA9-4D13-9CC9-A6BF2CD8D482}.Debug|Any CPU.ActiveCfg = Debug|Any CPU
		{BE195180-3DA9-4D13-9CC9-A6BF2CD8D482}.Debug|Any CPU.Build.0 = Debug|Any CPU
		{BE195180-3DA9-4D13-9CC9-A6BF2CD8D482}.Release|Any CPU.ActiveCfg = Release|Any CPU
		{BE195180-3DA9-4D13-9CC9-A6BF2CD8D482}.Release|Any CPU.Build.0 = Release|Any CPU
		{1830B527-B679-4FBB-B813-8EDC6275B07D}.Debug|Any CPU.ActiveCfg = Debug|Any CPU
		{1830B527-B679-4FBB-B813-8EDC6275B07D}.Debug|Any CPU.Build.0 = Debug|Any CPU
		{1830B527-B679-4FBB-B813-8EDC6275B07D}.Release|Any CPU.ActiveCfg = Release|Any CPU
		{1830B527-B679-4FBB-B813-8EDC6275B07D}.Release|Any CPU.Build.0 = Release|Any CPU
		{05ECD59A-760C-429A-BA95-F48C2334F3F9}.Debug|Any CPU.ActiveCfg = Debug|Any CPU
		{05ECD59A-760C-429A-BA95-F48C2334F3F9}.Debug|Any CPU.Build.0 = Debug|Any CPU
		{05ECD59A-760C-429A-BA95-F48C2334F3F9}.Release|Any CPU.ActiveCfg = Release|Any CPU
		{05ECD59A-760C-429A-BA95-F48C2334F3F9}.Release|Any CPU.Build.0 = Release|Any CPU
		{F19403C7-B7E4-4ED7-8637-54308F806F99}.Debug|Any CPU.ActiveCfg = Debug|Any CPU
		{F19403C7-B7E4-4ED7-8637-54308F806F99}.Debug|Any CPU.Build.0 = Debug|Any CPU
		{F19403C7-B7E4-4ED7-8637-54308F806F99}.Release|Any CPU.ActiveCfg = Release|Any CPU
		{F19403C7-B7E4-4ED7-8637-54308F806F99}.Release|Any CPU.Build.0 = Release|Any CPU
		{31718EB8-0272-4EBE-BC6F-BBB899709B41}.Debug|Any CPU.ActiveCfg = Debug|Any CPU
		{31718EB8-0272-4EBE-BC6F-BBB899709B41}.Debug|Any CPU.Build.0 = Debug|Any CPU
		{31718EB8-0272-4EBE-BC6F-BBB899709B41}.Release|Any CPU.ActiveCfg = Release|Any CPU
		{31718EB8-0272-4EBE-BC6F-BBB899709B41}.Release|Any CPU.Build.0 = Release|Any CPU
		{676105B7-146E-4FA7-9A22-5C28371CCCD8}.Debug|Any CPU.ActiveCfg = Debug|Any CPU
		{676105B7-146E-4FA7-9A22-5C28371CCCD8}.Debug|Any CPU.Build.0 = Debug|Any CPU
		{676105B7-146E-4FA7-9A22-5C28371CCCD8}.Release|Any CPU.ActiveCfg = Release|Any CPU
		{676105B7-146E-4FA7-9A22-5C28371CCCD8}.Release|Any CPU.Build.0 = Release|Any CPU
		{BC593397-26CE-4CD1-9C27-26024D8C235C}.Debug|Any CPU.ActiveCfg = Debug|Any CPU
		{BC593397-26CE-4CD1-9C27-26024D8C235C}.Debug|Any CPU.Build.0 = Debug|Any CPU
		{BC593397-26CE-4CD1-9C27-26024D8C235C}.Release|Any CPU.ActiveCfg = Release|Any CPU
		{BC593397-26CE-4CD1-9C27-26024D8C235C}.Release|Any CPU.Build.0 = Release|Any CPU
		{5EDC6EA7-6739-4445-9FDF-08B185A38018}.Debug|Any CPU.ActiveCfg = Debug|Any CPU
		{5EDC6EA7-6739-4445-9FDF-08B185A38018}.Debug|Any CPU.Build.0 = Debug|Any CPU
		{5EDC6EA7-6739-4445-9FDF-08B185A38018}.Release|Any CPU.ActiveCfg = Release|Any CPU
		{5EDC6EA7-6739-4445-9FDF-08B185A38018}.Release|Any CPU.Build.0 = Release|Any CPU
		{7274D2F6-6CD4-4F43-BC83-E405A58C8583}.Debug|Any CPU.ActiveCfg = Debug|Any CPU
		{7274D2F6-6CD4-4F43-BC83-E405A58C8583}.Debug|Any CPU.Build.0 = Debug|Any CPU
		{7274D2F6-6CD4-4F43-BC83-E405A58C8583}.Release|Any CPU.ActiveCfg = Release|Any CPU
		{7274D2F6-6CD4-4F43-BC83-E405A58C8583}.Release|Any CPU.Build.0 = Release|Any CPU
		{9CBEF4AB-FAC6-4310-BA60-617977678373}.Debug|Any CPU.ActiveCfg = Debug|Any CPU
		{9CBEF4AB-FAC6-4310-BA60-617977678373}.Debug|Any CPU.Build.0 = Debug|Any CPU
		{9CBEF4AB-FAC6-4310-BA60-617977678373}.Release|Any CPU.ActiveCfg = Release|Any CPU
		{9CBEF4AB-FAC6-4310-BA60-617977678373}.Release|Any CPU.Build.0 = Release|Any CPU
		{6D637237-CDEA-48B3-A5E5-2F9408F580DD}.Debug|Any CPU.ActiveCfg = Debug|Any CPU
		{6D637237-CDEA-48B3-A5E5-2F9408F580DD}.Debug|Any CPU.Build.0 = Debug|Any CPU
		{6D637237-CDEA-48B3-A5E5-2F9408F580DD}.Release|Any CPU.ActiveCfg = Release|Any CPU
		{6D637237-CDEA-48B3-A5E5-2F9408F580DD}.Release|Any CPU.Build.0 = Release|Any CPU
		{333676BA-E8A3-4E00-BD52-3B4885138AE5}.Debug|Any CPU.ActiveCfg = Debug|Any CPU
		{333676BA-E8A3-4E00-BD52-3B4885138AE5}.Debug|Any CPU.Build.0 = Debug|Any CPU
		{333676BA-E8A3-4E00-BD52-3B4885138AE5}.Release|Any CPU.ActiveCfg = Release|Any CPU
		{333676BA-E8A3-4E00-BD52-3B4885138AE5}.Release|Any CPU.Build.0 = Release|Any CPU
		{5AFD640F-D310-4426-A0E3-3CA7113E4ECA}.Debug|Any CPU.ActiveCfg = Debug|Any CPU
		{5AFD640F-D310-4426-A0E3-3CA7113E4ECA}.Debug|Any CPU.Build.0 = Debug|Any CPU
		{5AFD640F-D310-4426-A0E3-3CA7113E4ECA}.Release|Any CPU.ActiveCfg = Release|Any CPU
		{5AFD640F-D310-4426-A0E3-3CA7113E4ECA}.Release|Any CPU.Build.0 = Release|Any CPU
		{1233B146-A0C6-4214-8536-785BEF68A36B}.Debug|Any CPU.ActiveCfg = Debug|Any CPU
		{1233B146-A0C6-4214-8536-785BEF68A36B}.Debug|Any CPU.Build.0 = Debug|Any CPU
		{1233B146-A0C6-4214-8536-785BEF68A36B}.Release|Any CPU.ActiveCfg = Release|Any CPU
		{1233B146-A0C6-4214-8536-785BEF68A36B}.Release|Any CPU.Build.0 = Release|Any CPU
		{F5AAC3A1-7E7A-4B1A-9AF3-271C2EC86CBD}.Debug|Any CPU.ActiveCfg = Debug|Any CPU
		{F5AAC3A1-7E7A-4B1A-9AF3-271C2EC86CBD}.Debug|Any CPU.Build.0 = Debug|Any CPU
		{F5AAC3A1-7E7A-4B1A-9AF3-271C2EC86CBD}.Release|Any CPU.ActiveCfg = Release|Any CPU
		{F5AAC3A1-7E7A-4B1A-9AF3-271C2EC86CBD}.Release|Any CPU.Build.0 = Release|Any CPU
		{52824670-0AEF-43C9-ABB5-64C30D057BDE}.Debug|Any CPU.ActiveCfg = Debug|Any CPU
		{52824670-0AEF-43C9-ABB5-64C30D057BDE}.Debug|Any CPU.Build.0 = Debug|Any CPU
		{52824670-0AEF-43C9-ABB5-64C30D057BDE}.Release|Any CPU.ActiveCfg = Release|Any CPU
		{52824670-0AEF-43C9-ABB5-64C30D057BDE}.Release|Any CPU.Build.0 = Release|Any CPU
		{E1C28EAD-3960-4BAA-8A30-734A70A62FB8}.Debug|Any CPU.ActiveCfg = Debug|Any CPU
		{E1C28EAD-3960-4BAA-8A30-734A70A62FB8}.Debug|Any CPU.Build.0 = Debug|Any CPU
		{E1C28EAD-3960-4BAA-8A30-734A70A62FB8}.Release|Any CPU.ActiveCfg = Release|Any CPU
		{E1C28EAD-3960-4BAA-8A30-734A70A62FB8}.Release|Any CPU.Build.0 = Release|Any CPU
		{FA7D6613-0A9B-48E7-9DFB-582C8503143B}.Debug|Any CPU.ActiveCfg = Debug|Any CPU
		{FA7D6613-0A9B-48E7-9DFB-582C8503143B}.Debug|Any CPU.Build.0 = Debug|Any CPU
		{FA7D6613-0A9B-48E7-9DFB-582C8503143B}.Release|Any CPU.ActiveCfg = Release|Any CPU
		{FA7D6613-0A9B-48E7-9DFB-582C8503143B}.Release|Any CPU.Build.0 = Release|Any CPU
		{8E96CE92-D4C0-4DDD-BFD7-F579B1DB60CB}.Debug|Any CPU.ActiveCfg = Debug|Any CPU
		{8E96CE92-D4C0-4DDD-BFD7-F579B1DB60CB}.Debug|Any CPU.Build.0 = Debug|Any CPU
		{8E96CE92-D4C0-4DDD-BFD7-F579B1DB60CB}.Release|Any CPU.ActiveCfg = Release|Any CPU
		{8E96CE92-D4C0-4DDD-BFD7-F579B1DB60CB}.Release|Any CPU.Build.0 = Release|Any CPU
		{F91DB803-8C78-49A8-BF3F-12D71781CCA6}.Debug|Any CPU.ActiveCfg = Debug|Any CPU
		{F91DB803-8C78-49A8-BF3F-12D71781CCA6}.Debug|Any CPU.Build.0 = Debug|Any CPU
		{F91DB803-8C78-49A8-BF3F-12D71781CCA6}.Release|Any CPU.ActiveCfg = Release|Any CPU
		{F91DB803-8C78-49A8-BF3F-12D71781CCA6}.Release|Any CPU.Build.0 = Release|Any CPU
		{53D7864D-7AFF-4A93-B018-A71A0B6C9D1B}.Debug|Any CPU.ActiveCfg = Debug|Any CPU
		{53D7864D-7AFF-4A93-B018-A71A0B6C9D1B}.Debug|Any CPU.Build.0 = Debug|Any CPU
		{53D7864D-7AFF-4A93-B018-A71A0B6C9D1B}.Release|Any CPU.ActiveCfg = Release|Any CPU
		{53D7864D-7AFF-4A93-B018-A71A0B6C9D1B}.Release|Any CPU.Build.0 = Release|Any CPU
		{B9E9640B-802C-460A-88C6-DE0B06855249}.Debug|Any CPU.ActiveCfg = Debug|Any CPU
		{B9E9640B-802C-460A-88C6-DE0B06855249}.Debug|Any CPU.Build.0 = Debug|Any CPU
		{B9E9640B-802C-460A-88C6-DE0B06855249}.Release|Any CPU.ActiveCfg = Release|Any CPU
		{B9E9640B-802C-460A-88C6-DE0B06855249}.Release|Any CPU.Build.0 = Release|Any CPU
		{76B52068-927E-47BF-A880-A3C54A99E006}.Debug|Any CPU.ActiveCfg = Debug|Any CPU
		{76B52068-927E-47BF-A880-A3C54A99E006}.Debug|Any CPU.Build.0 = Debug|Any CPU
		{76B52068-927E-47BF-A880-A3C54A99E006}.Release|Any CPU.ActiveCfg = Release|Any CPU
		{76B52068-927E-47BF-A880-A3C54A99E006}.Release|Any CPU.Build.0 = Release|Any CPU
		{C5EB18EB-7C7D-4AA1-A41B-E3F8654996A0}.Debug|Any CPU.ActiveCfg = Debug|Any CPU
		{C5EB18EB-7C7D-4AA1-A41B-E3F8654996A0}.Debug|Any CPU.Build.0 = Debug|Any CPU
		{C5EB18EB-7C7D-4AA1-A41B-E3F8654996A0}.Release|Any CPU.ActiveCfg = Release|Any CPU
		{C5EB18EB-7C7D-4AA1-A41B-E3F8654996A0}.Release|Any CPU.Build.0 = Release|Any CPU
	EndGlobalSection
	GlobalSection(SolutionProperties) = preSolution
		HideSolutionNode = FALSE
	EndGlobalSection
	GlobalSection(ExtensibilityGlobals) = postSolution
		SolutionGuid = {70D40941-43CC-480A-AB98-60E5F6BA6B37}
	EndGlobalSection
EndGlobal
