
Microsoft Visual Studio Solution File, Format Version 12.00
# Visual Studio Version 17
VisualStudioVersion = 17.4.33110.190
MinimumVisualStudioVersion = 10.0.40219.1
Project("{9A19103F-16F7-4668-BE54-9A1E7A4F7556}") = "Day01", "Day01\Day01.csproj", "{452D4968-2D46-4BAB-964B-400FD74BE462}"
EndProject
Project("{9A19103F-16F7-4668-BE54-9A1E7A4F7556}") = "AocHelper", "AocHelper\AocHelper.csproj", "{9A4CC64D-6BD9-45A3-B004-683B21CC7E03}"
EndProject
Project("{9A19103F-16F7-4668-BE54-9A1E7A4F7556}") = "Day02", "Day02\Day02.csproj", "{ED4E3224-BE36-4A2D-9C16-BA8E23CBE8FE}"
EndProject
Project("{9A19103F-16F7-4668-BE54-9A1E7A4F7556}") = "Day03", "Day03\Day03.csproj", "{208045C7-C76D-498A-8757-147D48E9D202}"
EndProject
Project("{9A19103F-16F7-4668-BE54-9A1E7A4F7556}") = "Day04", "Day04\Day04.csproj", "{5D0726FF-4D2E-454B-B2BF-303CC8E03301}"
EndProject
Project("{9A19103F-16F7-4668-BE54-9A1E7A4F7556}") = "Day05", "Day05\Day05.csproj", "{02F611C2-8C44-457C-981D-766A2D44047E}"
EndProject
Project("{9A19103F-16F7-4668-BE54-9A1E7A4F7556}") = "Day06", "Day06\Day06.csproj", "{3CCCB0DC-48CA-4C90-9C0B-FC68BFD8F3A1}"
EndProject
Project("{9A19103F-16F7-4668-BE54-9A1E7A4F7556}") = "Day07", "Day07\Day07.csproj", "{496AAB3A-1EFC-49CF-B5CB-9345BB775B0D}"
EndProject
Project("{9A19103F-16F7-4668-BE54-9A1E7A4F7556}") = "Day08", "Day08\Day08.csproj", "{861D5563-41AB-4193-9F49-3DF3F09E790D}"
EndProject
Project("{9A19103F-16F7-4668-BE54-9A1E7A4F7556}") = "Day09", "Day09\Day09.csproj", "{7AE8916F-AEB0-4489-90EB-966243DB1F59}"
EndProject
Project("{9A19103F-16F7-4668-BE54-9A1E7A4F7556}") = "Day10", "Day10\Day10.csproj", "{84AB2FEA-5D17-4CEA-82A6-1A74B1B76506}"
EndProject
Project("{9A19103F-16F7-4668-BE54-9A1E7A4F7556}") = "Day11", "Day11\Day11.csproj", "{81E6C3AD-0589-4E52-A6F5-25A4326D81BC}"
EndProject
Project("{FAE04EC0-301F-11D3-BF4B-00C04F79EFBC}") = "Day12", "Day12\Day12.csproj", "{1B5A3CBB-5D38-4E35-AD22-7DEB9850E736}"
EndProject
Project("{FAE04EC0-301F-11D3-BF4B-00C04F79EFBC}") = "Day13", "Day13\Day13.csproj", "{E5E18398-7DAF-4867-8D63-273416909551}"
EndProject
Global
	GlobalSection(SolutionConfigurationPlatforms) = preSolution
		Debug|Any CPU = Debug|Any CPU
		Release|Any CPU = Release|Any CPU
	EndGlobalSection
	GlobalSection(ProjectConfigurationPlatforms) = postSolution
		{452D4968-2D46-4BAB-964B-400FD74BE462}.Debug|Any CPU.ActiveCfg = Debug|Any CPU
		{452D4968-2D46-4BAB-964B-400FD74BE462}.Debug|Any CPU.Build.0 = Debug|Any CPU
		{452D4968-2D46-4BAB-964B-400FD74BE462}.Release|Any CPU.ActiveCfg = Release|Any CPU
		{452D4968-2D46-4BAB-964B-400FD74BE462}.Release|Any CPU.Build.0 = Release|Any CPU
		{9A4CC64D-6BD9-45A3-B004-683B21CC7E03}.Debug|Any CPU.ActiveCfg = Debug|Any CPU
		{9A4CC64D-6BD9-45A3-B004-683B21CC7E03}.Debug|Any CPU.Build.0 = Debug|Any CPU
		{9A4CC64D-6BD9-45A3-B004-683B21CC7E03}.Release|Any CPU.ActiveCfg = Release|Any CPU
		{9A4CC64D-6BD9-45A3-B004-683B21CC7E03}.Release|Any CPU.Build.0 = Release|Any CPU
		{ED4E3224-BE36-4A2D-9C16-BA8E23CBE8FE}.Debug|Any CPU.ActiveCfg = Debug|Any CPU
		{ED4E3224-BE36-4A2D-9C16-BA8E23CBE8FE}.Debug|Any CPU.Build.0 = Debug|Any CPU
		{ED4E3224-BE36-4A2D-9C16-BA8E23CBE8FE}.Release|Any CPU.ActiveCfg = Release|Any CPU
		{ED4E3224-BE36-4A2D-9C16-BA8E23CBE8FE}.Release|Any CPU.Build.0 = Release|Any CPU
		{208045C7-C76D-498A-8757-147D48E9D202}.Debug|Any CPU.ActiveCfg = Debug|Any CPU
		{208045C7-C76D-498A-8757-147D48E9D202}.Debug|Any CPU.Build.0 = Debug|Any CPU
		{208045C7-C76D-498A-8757-147D48E9D202}.Release|Any CPU.ActiveCfg = Release|Any CPU
		{208045C7-C76D-498A-8757-147D48E9D202}.Release|Any CPU.Build.0 = Release|Any CPU
		{5D0726FF-4D2E-454B-B2BF-303CC8E03301}.Debug|Any CPU.ActiveCfg = Debug|Any CPU
		{5D0726FF-4D2E-454B-B2BF-303CC8E03301}.Debug|Any CPU.Build.0 = Debug|Any CPU
		{5D0726FF-4D2E-454B-B2BF-303CC8E03301}.Release|Any CPU.ActiveCfg = Release|Any CPU
		{5D0726FF-4D2E-454B-B2BF-303CC8E03301}.Release|Any CPU.Build.0 = Release|Any CPU
		{02F611C2-8C44-457C-981D-766A2D44047E}.Debug|Any CPU.ActiveCfg = Debug|Any CPU
		{02F611C2-8C44-457C-981D-766A2D44047E}.Debug|Any CPU.Build.0 = Debug|Any CPU
		{02F611C2-8C44-457C-981D-766A2D44047E}.Release|Any CPU.ActiveCfg = Release|Any CPU
		{02F611C2-8C44-457C-981D-766A2D44047E}.Release|Any CPU.Build.0 = Release|Any CPU
		{3CCCB0DC-48CA-4C90-9C0B-FC68BFD8F3A1}.Debug|Any CPU.ActiveCfg = Debug|Any CPU
		{3CCCB0DC-48CA-4C90-9C0B-FC68BFD8F3A1}.Debug|Any CPU.Build.0 = Debug|Any CPU
		{3CCCB0DC-48CA-4C90-9C0B-FC68BFD8F3A1}.Release|Any CPU.ActiveCfg = Release|Any CPU
		{3CCCB0DC-48CA-4C90-9C0B-FC68BFD8F3A1}.Release|Any CPU.Build.0 = Release|Any CPU
		{496AAB3A-1EFC-49CF-B5CB-9345BB775B0D}.Debug|Any CPU.ActiveCfg = Debug|Any CPU
		{496AAB3A-1EFC-49CF-B5CB-9345BB775B0D}.Debug|Any CPU.Build.0 = Debug|Any CPU
		{496AAB3A-1EFC-49CF-B5CB-9345BB775B0D}.Release|Any CPU.ActiveCfg = Release|Any CPU
		{496AAB3A-1EFC-49CF-B5CB-9345BB775B0D}.Release|Any CPU.Build.0 = Release|Any CPU
		{861D5563-41AB-4193-9F49-3DF3F09E790D}.Debug|Any CPU.ActiveCfg = Debug|Any CPU
		{861D5563-41AB-4193-9F49-3DF3F09E790D}.Debug|Any CPU.Build.0 = Debug|Any CPU
		{861D5563-41AB-4193-9F49-3DF3F09E790D}.Release|Any CPU.ActiveCfg = Release|Any CPU
		{861D5563-41AB-4193-9F49-3DF3F09E790D}.Release|Any CPU.Build.0 = Release|Any CPU
		{7AE8916F-AEB0-4489-90EB-966243DB1F59}.Debug|Any CPU.ActiveCfg = Debug|Any CPU
		{7AE8916F-AEB0-4489-90EB-966243DB1F59}.Debug|Any CPU.Build.0 = Debug|Any CPU
		{7AE8916F-AEB0-4489-90EB-966243DB1F59}.Release|Any CPU.ActiveCfg = Release|Any CPU
		{7AE8916F-AEB0-4489-90EB-966243DB1F59}.Release|Any CPU.Build.0 = Release|Any CPU
		{84AB2FEA-5D17-4CEA-82A6-1A74B1B76506}.Debug|Any CPU.ActiveCfg = Debug|Any CPU
		{84AB2FEA-5D17-4CEA-82A6-1A74B1B76506}.Debug|Any CPU.Build.0 = Debug|Any CPU
		{84AB2FEA-5D17-4CEA-82A6-1A74B1B76506}.Release|Any CPU.ActiveCfg = Release|Any CPU
		{84AB2FEA-5D17-4CEA-82A6-1A74B1B76506}.Release|Any CPU.Build.0 = Release|Any CPU
		{81E6C3AD-0589-4E52-A6F5-25A4326D81BC}.Debug|Any CPU.ActiveCfg = Debug|Any CPU
		{81E6C3AD-0589-4E52-A6F5-25A4326D81BC}.Debug|Any CPU.Build.0 = Debug|Any CPU
		{81E6C3AD-0589-4E52-A6F5-25A4326D81BC}.Release|Any CPU.ActiveCfg = Release|Any CPU
		{81E6C3AD-0589-4E52-A6F5-25A4326D81BC}.Release|Any CPU.Build.0 = Release|Any CPU
		{1B5A3CBB-5D38-4E35-AD22-7DEB9850E736}.Debug|Any CPU.ActiveCfg = Debug|Any CPU
		{1B5A3CBB-5D38-4E35-AD22-7DEB9850E736}.Debug|Any CPU.Build.0 = Debug|Any CPU
		{1B5A3CBB-5D38-4E35-AD22-7DEB9850E736}.Release|Any CPU.ActiveCfg = Release|Any CPU
		{1B5A3CBB-5D38-4E35-AD22-7DEB9850E736}.Release|Any CPU.Build.0 = Release|Any CPU
		{E5E18398-7DAF-4867-8D63-273416909551}.Debug|Any CPU.ActiveCfg = Debug|Any CPU
		{E5E18398-7DAF-4867-8D63-273416909551}.Debug|Any CPU.Build.0 = Debug|Any CPU
		{E5E18398-7DAF-4867-8D63-273416909551}.Release|Any CPU.ActiveCfg = Release|Any CPU
		{E5E18398-7DAF-4867-8D63-273416909551}.Release|Any CPU.Build.0 = Release|Any CPU
	EndGlobalSection
	GlobalSection(SolutionProperties) = preSolution
		HideSolutionNode = FALSE
	EndGlobalSection
	GlobalSection(ExtensibilityGlobals) = postSolution
		SolutionGuid = {F3ABF174-C9E8-468A-9930-24A50E52A4BA}
	EndGlobalSection
EndGlobal
