
Microsoft Visual Studio Solution File, Format Version 12.00
# Visual Studio Version 17
VisualStudioVersion = 17.0.32014.148
MinimumVisualStudioVersion = 10.0.40219.1
Project("{6EC3EE1D-3C4E-46DD-8F32-0CC8E7565705}") = "Day01", "Day01\Day01.fsproj", "{EF28D811-D74A-4748-8985-E976F6A9B55F}"
EndProject
Project("{6EC3EE1D-3C4E-46DD-8F32-0CC8E7565705}") = "Day02", "Day02\Day02.fsproj", "{7089824F-1286-4106-9DCB-73FA64A92B01}"
EndProject
Project("{6EC3EE1D-3C4E-46DD-8F32-0CC8E7565705}") = "Day03", "Day03\Day03.fsproj", "{E7539C03-BABB-480D-B32F-C7A15E62DA9F}"
EndProject
Project("{6EC3EE1D-3C4E-46DD-8F32-0CC8E7565705}") = "Day04", "Day04\Day04.fsproj", "{80B6259D-4597-46B0-9414-4ADD69195D72}"
EndProject
Project("{6EC3EE1D-3C4E-46DD-8F32-0CC8E7565705}") = "Day05", "Day05\Day05.fsproj", "{A389A03D-D05F-47C5-89E3-23FAFBF684A9}"
EndProject
Project("{6EC3EE1D-3C4E-46DD-8F32-0CC8E7565705}") = "Day06", "Day06\Day06.fsproj", "{8C9FEEFF-9D49-4375-84EE-130B9A7FD32A}"
EndProject
Project("{6EC3EE1D-3C4E-46DD-8F32-0CC8E7565705}") = "Day07", "Day07\Day07.fsproj", "{63E1D096-8AF8-4670-BACF-CC90A0426B05}"
EndProject
Project("{6EC3EE1D-3C4E-46DD-8F32-0CC8E7565705}") = "IntcodeMachine", "IntcodeMachine\IntcodeMachine.fsproj", "{94FB9FFD-D019-4E1B-B278-594A8AFF9B15}"
EndProject
Project("{6EC3EE1D-3C4E-46DD-8F32-0CC8E7565705}") = "Day08", "Day08\Day08.fsproj", "{78037A2C-98D2-4BF0-9E83-A4C8CBF53AA0}"
EndProject
Project("{6EC3EE1D-3C4E-46DD-8F32-0CC8E7565705}") = "Day09", "Day09\Day09.fsproj", "{6E39BD00-BBCB-423A-94D5-1D5EC4EA373A}"
EndProject
Project("{6EC3EE1D-3C4E-46DD-8F32-0CC8E7565705}") = "Day10", "Day10\Day10.fsproj", "{82422969-1BC0-40C9-A8CE-DA68B0E48294}"
EndProject
Project("{6EC3EE1D-3C4E-46DD-8F32-0CC8E7565705}") = "Day11", "Day11\Day11.fsproj", "{F0A796AE-806F-4CB9-A35B-0B2BE4076A78}"
EndProject
Project("{6EC3EE1D-3C4E-46DD-8F32-0CC8E7565705}") = "Day12", "Day12\Day12.fsproj", "{DFAE7CA4-79CF-4DE7-B369-691478409D86}"
EndProject
Project("{6EC3EE1D-3C4E-46DD-8F32-0CC8E7565705}") = "Day13", "Day13\Day13.fsproj", "{B88428F7-EE50-4810-8565-AE3CF3CFF33E}"
EndProject
Project("{6EC3EE1D-3C4E-46DD-8F32-0CC8E7565705}") = "Day14", "Day14\Day14.fsproj", "{CD54315C-2031-43E4-B3A6-B788CCB50629}"
EndProject
Project("{6EC3EE1D-3C4E-46DD-8F32-0CC8E7565705}") = "Day15", "Day15\Day15.fsproj", "{8EBD1BB3-A39C-4E89-A737-FA33B5CB7B74}"
EndProject
Project("{6EC3EE1D-3C4E-46DD-8F32-0CC8E7565705}") = "Day16", "Day16\Day16.fsproj", "{12E52C08-CA81-421D-B6A8-7BCE1D261CEB}"
EndProject
Project("{6EC3EE1D-3C4E-46DD-8F32-0CC8E7565705}") = "Day17", "Day17\Day17.fsproj", "{21A05A8E-9D89-40AA-9E44-B5F767E047FF}"
EndProject
Project("{6EC3EE1D-3C4E-46DD-8F32-0CC8E7565705}") = "Day18", "Day18\Day18.fsproj", "{388F2165-8E2C-4093-83C9-EF3F0866F4EB}"
EndProject
Project("{6EC3EE1D-3C4E-46DD-8F32-0CC8E7565705}") = "Day19", "Day19\Day19.fsproj", "{2E41BF88-9F02-49ED-BB16-2EB27F4C1521}"
EndProject
Project("{6EC3EE1D-3C4E-46DD-8F32-0CC8E7565705}") = "Day20", "Day20\Day20.fsproj", "{6D46EF88-1845-4956-B72C-355C7245171E}"
EndProject
Project("{6EC3EE1D-3C4E-46DD-8F32-0CC8E7565705}") = "Day21", "Day21\Day21.fsproj", "{30038760-2991-4CB3-8D34-3CBE6B0BE219}"
EndProject
Project("{6EC3EE1D-3C4E-46DD-8F32-0CC8E7565705}") = "Day22", "Day22\Day22.fsproj", "{7F9B2AFD-F82B-41C4-94C9-350DEEDBC496}"
EndProject
Project("{6EC3EE1D-3C4E-46DD-8F32-0CC8E7565705}") = "Day23", "Day23\Day23.fsproj", "{244F1362-C5C6-46A0-8807-354D8E5A796F}"
EndProject
Project("{F2A71F9B-5D33-465A-A702-920D77279786}") = "Day24", "Day24\Day24.fsproj", "{B5AAFEB0-C44B-42AA-9D92-D8B69BE060F2}"
EndProject
Project("{F2A71F9B-5D33-465A-A702-920D77279786}") = "Day25", "Day25\Day25.fsproj", "{AD0C6E59-E253-42FE-8CA9-1D045800BC6A}"
	ProjectSection(ProjectDependencies) = postProject
		{94FB9FFD-D019-4E1B-B278-594A8AFF9B15} = {94FB9FFD-D019-4E1B-B278-594A8AFF9B15}
	EndProjectSection
EndProject
Global
	GlobalSection(SolutionConfigurationPlatforms) = preSolution
		Debug|Any CPU = Debug|Any CPU
		Release|Any CPU = Release|Any CPU
	EndGlobalSection
	GlobalSection(ProjectConfigurationPlatforms) = postSolution
		{EF28D811-D74A-4748-8985-E976F6A9B55F}.Debug|Any CPU.ActiveCfg = Debug|Any CPU
		{EF28D811-D74A-4748-8985-E976F6A9B55F}.Debug|Any CPU.Build.0 = Debug|Any CPU
		{EF28D811-D74A-4748-8985-E976F6A9B55F}.Release|Any CPU.ActiveCfg = Release|Any CPU
		{EF28D811-D74A-4748-8985-E976F6A9B55F}.Release|Any CPU.Build.0 = Release|Any CPU
		{7089824F-1286-4106-9DCB-73FA64A92B01}.Debug|Any CPU.ActiveCfg = Debug|Any CPU
		{7089824F-1286-4106-9DCB-73FA64A92B01}.Debug|Any CPU.Build.0 = Debug|Any CPU
		{7089824F-1286-4106-9DCB-73FA64A92B01}.Release|Any CPU.ActiveCfg = Release|Any CPU
		{7089824F-1286-4106-9DCB-73FA64A92B01}.Release|Any CPU.Build.0 = Release|Any CPU
		{E7539C03-BABB-480D-B32F-C7A15E62DA9F}.Debug|Any CPU.ActiveCfg = Debug|Any CPU
		{E7539C03-BABB-480D-B32F-C7A15E62DA9F}.Debug|Any CPU.Build.0 = Debug|Any CPU
		{E7539C03-BABB-480D-B32F-C7A15E62DA9F}.Release|Any CPU.ActiveCfg = Release|Any CPU
		{E7539C03-BABB-480D-B32F-C7A15E62DA9F}.Release|Any CPU.Build.0 = Release|Any CPU
		{80B6259D-4597-46B0-9414-4ADD69195D72}.Debug|Any CPU.ActiveCfg = Debug|Any CPU
		{80B6259D-4597-46B0-9414-4ADD69195D72}.Debug|Any CPU.Build.0 = Debug|Any CPU
		{80B6259D-4597-46B0-9414-4ADD69195D72}.Release|Any CPU.ActiveCfg = Release|Any CPU
		{80B6259D-4597-46B0-9414-4ADD69195D72}.Release|Any CPU.Build.0 = Release|Any CPU
		{A389A03D-D05F-47C5-89E3-23FAFBF684A9}.Debug|Any CPU.ActiveCfg = Debug|Any CPU
		{A389A03D-D05F-47C5-89E3-23FAFBF684A9}.Debug|Any CPU.Build.0 = Debug|Any CPU
		{A389A03D-D05F-47C5-89E3-23FAFBF684A9}.Release|Any CPU.ActiveCfg = Release|Any CPU
		{A389A03D-D05F-47C5-89E3-23FAFBF684A9}.Release|Any CPU.Build.0 = Release|Any CPU
		{8C9FEEFF-9D49-4375-84EE-130B9A7FD32A}.Debug|Any CPU.ActiveCfg = Debug|Any CPU
		{8C9FEEFF-9D49-4375-84EE-130B9A7FD32A}.Debug|Any CPU.Build.0 = Debug|Any CPU
		{8C9FEEFF-9D49-4375-84EE-130B9A7FD32A}.Release|Any CPU.ActiveCfg = Release|Any CPU
		{8C9FEEFF-9D49-4375-84EE-130B9A7FD32A}.Release|Any CPU.Build.0 = Release|Any CPU
		{63E1D096-8AF8-4670-BACF-CC90A0426B05}.Debug|Any CPU.ActiveCfg = Debug|Any CPU
		{63E1D096-8AF8-4670-BACF-CC90A0426B05}.Debug|Any CPU.Build.0 = Debug|Any CPU
		{63E1D096-8AF8-4670-BACF-CC90A0426B05}.Release|Any CPU.ActiveCfg = Release|Any CPU
		{63E1D096-8AF8-4670-BACF-CC90A0426B05}.Release|Any CPU.Build.0 = Release|Any CPU
		{94FB9FFD-D019-4E1B-B278-594A8AFF9B15}.Debug|Any CPU.ActiveCfg = Debug|Any CPU
		{94FB9FFD-D019-4E1B-B278-594A8AFF9B15}.Debug|Any CPU.Build.0 = Debug|Any CPU
		{94FB9FFD-D019-4E1B-B278-594A8AFF9B15}.Release|Any CPU.ActiveCfg = Release|Any CPU
		{94FB9FFD-D019-4E1B-B278-594A8AFF9B15}.Release|Any CPU.Build.0 = Release|Any CPU
		{78037A2C-98D2-4BF0-9E83-A4C8CBF53AA0}.Debug|Any CPU.ActiveCfg = Debug|Any CPU
		{78037A2C-98D2-4BF0-9E83-A4C8CBF53AA0}.Debug|Any CPU.Build.0 = Debug|Any CPU
		{78037A2C-98D2-4BF0-9E83-A4C8CBF53AA0}.Release|Any CPU.ActiveCfg = Release|Any CPU
		{78037A2C-98D2-4BF0-9E83-A4C8CBF53AA0}.Release|Any CPU.Build.0 = Release|Any CPU
		{6E39BD00-BBCB-423A-94D5-1D5EC4EA373A}.Debug|Any CPU.ActiveCfg = Debug|Any CPU
		{6E39BD00-BBCB-423A-94D5-1D5EC4EA373A}.Debug|Any CPU.Build.0 = Debug|Any CPU
		{6E39BD00-BBCB-423A-94D5-1D5EC4EA373A}.Release|Any CPU.ActiveCfg = Release|Any CPU
		{6E39BD00-BBCB-423A-94D5-1D5EC4EA373A}.Release|Any CPU.Build.0 = Release|Any CPU
		{82422969-1BC0-40C9-A8CE-DA68B0E48294}.Debug|Any CPU.ActiveCfg = Debug|Any CPU
		{82422969-1BC0-40C9-A8CE-DA68B0E48294}.Debug|Any CPU.Build.0 = Debug|Any CPU
		{82422969-1BC0-40C9-A8CE-DA68B0E48294}.Release|Any CPU.ActiveCfg = Release|Any CPU
		{82422969-1BC0-40C9-A8CE-DA68B0E48294}.Release|Any CPU.Build.0 = Release|Any CPU
		{F0A796AE-806F-4CB9-A35B-0B2BE4076A78}.Debug|Any CPU.ActiveCfg = Debug|Any CPU
		{F0A796AE-806F-4CB9-A35B-0B2BE4076A78}.Debug|Any CPU.Build.0 = Debug|Any CPU
		{F0A796AE-806F-4CB9-A35B-0B2BE4076A78}.Release|Any CPU.ActiveCfg = Release|Any CPU
		{F0A796AE-806F-4CB9-A35B-0B2BE4076A78}.Release|Any CPU.Build.0 = Release|Any CPU
		{DFAE7CA4-79CF-4DE7-B369-691478409D86}.Debug|Any CPU.ActiveCfg = Debug|Any CPU
		{DFAE7CA4-79CF-4DE7-B369-691478409D86}.Debug|Any CPU.Build.0 = Debug|Any CPU
		{DFAE7CA4-79CF-4DE7-B369-691478409D86}.Release|Any CPU.ActiveCfg = Release|Any CPU
		{DFAE7CA4-79CF-4DE7-B369-691478409D86}.Release|Any CPU.Build.0 = Release|Any CPU
		{B88428F7-EE50-4810-8565-AE3CF3CFF33E}.Debug|Any CPU.ActiveCfg = Debug|Any CPU
		{B88428F7-EE50-4810-8565-AE3CF3CFF33E}.Debug|Any CPU.Build.0 = Debug|Any CPU
		{B88428F7-EE50-4810-8565-AE3CF3CFF33E}.Release|Any CPU.ActiveCfg = Release|Any CPU
		{B88428F7-EE50-4810-8565-AE3CF3CFF33E}.Release|Any CPU.Build.0 = Release|Any CPU
		{CD54315C-2031-43E4-B3A6-B788CCB50629}.Debug|Any CPU.ActiveCfg = Debug|Any CPU
		{CD54315C-2031-43E4-B3A6-B788CCB50629}.Debug|Any CPU.Build.0 = Debug|Any CPU
		{CD54315C-2031-43E4-B3A6-B788CCB50629}.Release|Any CPU.ActiveCfg = Release|Any CPU
		{CD54315C-2031-43E4-B3A6-B788CCB50629}.Release|Any CPU.Build.0 = Release|Any CPU
		{8EBD1BB3-A39C-4E89-A737-FA33B5CB7B74}.Debug|Any CPU.ActiveCfg = Debug|Any CPU
		{8EBD1BB3-A39C-4E89-A737-FA33B5CB7B74}.Debug|Any CPU.Build.0 = Debug|Any CPU
		{8EBD1BB3-A39C-4E89-A737-FA33B5CB7B74}.Release|Any CPU.ActiveCfg = Release|Any CPU
		{8EBD1BB3-A39C-4E89-A737-FA33B5CB7B74}.Release|Any CPU.Build.0 = Release|Any CPU
		{12E52C08-CA81-421D-B6A8-7BCE1D261CEB}.Debug|Any CPU.ActiveCfg = Debug|Any CPU
		{12E52C08-CA81-421D-B6A8-7BCE1D261CEB}.Debug|Any CPU.Build.0 = Debug|Any CPU
		{12E52C08-CA81-421D-B6A8-7BCE1D261CEB}.Release|Any CPU.ActiveCfg = Release|Any CPU
		{12E52C08-CA81-421D-B6A8-7BCE1D261CEB}.Release|Any CPU.Build.0 = Release|Any CPU
		{21A05A8E-9D89-40AA-9E44-B5F767E047FF}.Debug|Any CPU.ActiveCfg = Debug|Any CPU
		{21A05A8E-9D89-40AA-9E44-B5F767E047FF}.Debug|Any CPU.Build.0 = Debug|Any CPU
		{21A05A8E-9D89-40AA-9E44-B5F767E047FF}.Release|Any CPU.ActiveCfg = Release|Any CPU
		{21A05A8E-9D89-40AA-9E44-B5F767E047FF}.Release|Any CPU.Build.0 = Release|Any CPU
		{388F2165-8E2C-4093-83C9-EF3F0866F4EB}.Debug|Any CPU.ActiveCfg = Debug|Any CPU
		{388F2165-8E2C-4093-83C9-EF3F0866F4EB}.Debug|Any CPU.Build.0 = Debug|Any CPU
		{388F2165-8E2C-4093-83C9-EF3F0866F4EB}.Release|Any CPU.ActiveCfg = Release|Any CPU
		{388F2165-8E2C-4093-83C9-EF3F0866F4EB}.Release|Any CPU.Build.0 = Release|Any CPU
		{2E41BF88-9F02-49ED-BB16-2EB27F4C1521}.Debug|Any CPU.ActiveCfg = Debug|Any CPU
		{2E41BF88-9F02-49ED-BB16-2EB27F4C1521}.Debug|Any CPU.Build.0 = Debug|Any CPU
		{2E41BF88-9F02-49ED-BB16-2EB27F4C1521}.Release|Any CPU.ActiveCfg = Release|Any CPU
		{2E41BF88-9F02-49ED-BB16-2EB27F4C1521}.Release|Any CPU.Build.0 = Release|Any CPU
		{6D46EF88-1845-4956-B72C-355C7245171E}.Debug|Any CPU.ActiveCfg = Debug|Any CPU
		{6D46EF88-1845-4956-B72C-355C7245171E}.Debug|Any CPU.Build.0 = Debug|Any CPU
		{6D46EF88-1845-4956-B72C-355C7245171E}.Release|Any CPU.ActiveCfg = Release|Any CPU
		{6D46EF88-1845-4956-B72C-355C7245171E}.Release|Any CPU.Build.0 = Release|Any CPU
		{30038760-2991-4CB3-8D34-3CBE6B0BE219}.Debug|Any CPU.ActiveCfg = Debug|Any CPU
		{30038760-2991-4CB3-8D34-3CBE6B0BE219}.Debug|Any CPU.Build.0 = Debug|Any CPU
		{30038760-2991-4CB3-8D34-3CBE6B0BE219}.Release|Any CPU.ActiveCfg = Release|Any CPU
		{30038760-2991-4CB3-8D34-3CBE6B0BE219}.Release|Any CPU.Build.0 = Release|Any CPU
		{7F9B2AFD-F82B-41C4-94C9-350DEEDBC496}.Debug|Any CPU.ActiveCfg = Debug|Any CPU
		{7F9B2AFD-F82B-41C4-94C9-350DEEDBC496}.Debug|Any CPU.Build.0 = Debug|Any CPU
		{7F9B2AFD-F82B-41C4-94C9-350DEEDBC496}.Release|Any CPU.ActiveCfg = Release|Any CPU
		{7F9B2AFD-F82B-41C4-94C9-350DEEDBC496}.Release|Any CPU.Build.0 = Release|Any CPU
		{244F1362-C5C6-46A0-8807-354D8E5A796F}.Debug|Any CPU.ActiveCfg = Debug|Any CPU
		{244F1362-C5C6-46A0-8807-354D8E5A796F}.Debug|Any CPU.Build.0 = Debug|Any CPU
		{244F1362-C5C6-46A0-8807-354D8E5A796F}.Release|Any CPU.ActiveCfg = Release|Any CPU
		{244F1362-C5C6-46A0-8807-354D8E5A796F}.Release|Any CPU.Build.0 = Release|Any CPU
		{B5AAFEB0-C44B-42AA-9D92-D8B69BE060F2}.Debug|Any CPU.ActiveCfg = Debug|Any CPU
		{B5AAFEB0-C44B-42AA-9D92-D8B69BE060F2}.Debug|Any CPU.Build.0 = Debug|Any CPU
		{B5AAFEB0-C44B-42AA-9D92-D8B69BE060F2}.Release|Any CPU.ActiveCfg = Release|Any CPU
		{B5AAFEB0-C44B-42AA-9D92-D8B69BE060F2}.Release|Any CPU.Build.0 = Release|Any CPU
		{AD0C6E59-E253-42FE-8CA9-1D045800BC6A}.Debug|Any CPU.ActiveCfg = Debug|Any CPU
		{AD0C6E59-E253-42FE-8CA9-1D045800BC6A}.Debug|Any CPU.Build.0 = Debug|Any CPU
		{AD0C6E59-E253-42FE-8CA9-1D045800BC6A}.Release|Any CPU.ActiveCfg = Release|Any CPU
		{AD0C6E59-E253-42FE-8CA9-1D045800BC6A}.Release|Any CPU.Build.0 = Release|Any CPU
	EndGlobalSection
	GlobalSection(SolutionProperties) = preSolution
		HideSolutionNode = FALSE
	EndGlobalSection
	GlobalSection(ExtensibilityGlobals) = postSolution
		SolutionGuid = {4B28DBDD-0F3C-46B3-8F32-2FF20AAFCB41}
	EndGlobalSection
EndGlobal
