
Microsoft Visual Studio Solution File, Format Version 12.00
# Visual Studio Version 17
VisualStudioVersion = 17.0.32014.148
MinimumVisualStudioVersion = 10.0.40219.1
Project("{6EC3EE1D-3C4E-46DD-8F32-0CC8E7565705}") = "Day01", "Day01\Day01.fsproj", "{EF28D811-D74A-4748-8985-E976F6A9B55F}"
EndProject
Project("{6EC3EE1D-3C4E-46DD-8F32-0CC8E7565705}") = "Day02", "Day02\Day02.fsproj", "{7089824F-1286-4106-9DCB-73FA64A92B01}"
EndProject
Project("{F2A71F9B-5D33-465A-A702-920D77279786}") = "Day03", "Day03\Day03.fsproj", "{E7539C03-BABB-480D-B32F-C7A15E62DA9F}"
EndProject
Project("{F2A71F9B-5D33-465A-A702-920D77279786}") = "Day04", "Day04\Day04.fsproj", "{80B6259D-4597-46B0-9414-4ADD69195D72}"
EndProject
Project("{F2A71F9B-5D33-465A-A702-920D77279786}") = "Day05", "Day05\Day05.fsproj", "{A389A03D-D05F-47C5-89E3-23FAFBF684A9}"
EndProject
Project("{F2A71F9B-5D33-465A-A702-920D77279786}") = "Day06", "Day06\Day06.fsproj", "{8C9FEEFF-9D49-4375-84EE-130B9A7FD32A}"
EndProject
Project("{F2A71F9B-5D33-465A-A702-920D77279786}") = "Day07", "Day07\Day07.fsproj", "{63E1D096-8AF8-4670-BACF-CC90A0426B05}"
EndProject
Project("{F2A71F9B-5D33-465A-A702-920D77279786}") = "IntcodeMachine", "IntcodeMachine\IntcodeMachine.fsproj", "{94FB9FFD-D019-4E1B-B278-594A8AFF9B15}"
EndProject
Project("{F2A71F9B-5D33-465A-A702-920D77279786}") = "Day08", "Day08\Day08.fsproj", "{78037A2C-98D2-4BF0-9E83-A4C8CBF53AA0}"
EndProject
Project("{F2A71F9B-5D33-465A-A702-920D77279786}") = "Day09", "Day09\Day09.fsproj", "{6E39BD00-BBCB-423A-94D5-1D5EC4EA373A}"
EndProject
Global
	GlobalSection(SolutionConfigurationPlatforms) = preSolution
		Debug|Any CPU = Debug|Any CPU
		Release|Any CPU = Release|Any CPU
	EndGlobalSection
	GlobalSection(ProjectConfigurationPlatforms) = postSolution
		{EF28D811-D74A-4748-8985-E976F6A9B55F}.Debug|Any CPU.ActiveCfg = Debug|Any CPU
		{EF28D811-D74A-4748-8985-E976F6A9B55F}.Debug|Any CPU.Build.0 = Debug|Any CPU
		{EF28D811-D74A-4748-8985-E976F6A9B55F}.Release|Any CPU.ActiveCfg = Release|Any CPU
		{EF28D811-D74A-4748-8985-E976F6A9B55F}.Release|Any CPU.Build.0 = Release|Any CPU
		{7089824F-1286-4106-9DCB-73FA64A92B01}.Debug|Any CPU.ActiveCfg = Debug|Any CPU
		{7089824F-1286-4106-9DCB-73FA64A92B01}.Debug|Any CPU.Build.0 = Debug|Any CPU
		{7089824F-1286-4106-9DCB-73FA64A92B01}.Release|Any CPU.ActiveCfg = Release|Any CPU
		{7089824F-1286-4106-9DCB-73FA64A92B01}.Release|Any CPU.Build.0 = Release|Any CPU
		{E7539C03-BABB-480D-B32F-C7A15E62DA9F}.Debug|Any CPU.ActiveCfg = Debug|Any CPU
		{E7539C03-BABB-480D-B32F-C7A15E62DA9F}.Debug|Any CPU.Build.0 = Debug|Any CPU
		{E7539C03-BABB-480D-B32F-C7A15E62DA9F}.Release|Any CPU.ActiveCfg = Release|Any CPU
		{E7539C03-BABB-480D-B32F-C7A15E62DA9F}.Release|Any CPU.Build.0 = Release|Any CPU
		{80B6259D-4597-46B0-9414-4ADD69195D72}.Debug|Any CPU.ActiveCfg = Debug|Any CPU
		{80B6259D-4597-46B0-9414-4ADD69195D72}.Debug|Any CPU.Build.0 = Debug|Any CPU
		{80B6259D-4597-46B0-9414-4ADD69195D72}.Release|Any CPU.ActiveCfg = Release|Any CPU
		{80B6259D-4597-46B0-9414-4ADD69195D72}.Release|Any CPU.Build.0 = Release|Any CPU
		{A389A03D-D05F-47C5-89E3-23FAFBF684A9}.Debug|Any CPU.ActiveCfg = Debug|Any CPU
		{A389A03D-D05F-47C5-89E3-23FAFBF684A9}.Debug|Any CPU.Build.0 = Debug|Any CPU
		{A389A03D-D05F-47C5-89E3-23FAFBF684A9}.Release|Any CPU.ActiveCfg = Release|Any CPU
		{A389A03D-D05F-47C5-89E3-23FAFBF684A9}.Release|Any CPU.Build.0 = Release|Any CPU
		{8C9FEEFF-9D49-4375-84EE-130B9A7FD32A}.Debug|Any CPU.ActiveCfg = Debug|Any CPU
		{8C9FEEFF-9D49-4375-84EE-130B9A7FD32A}.Debug|Any CPU.Build.0 = Debug|Any CPU
		{8C9FEEFF-9D49-4375-84EE-130B9A7FD32A}.Release|Any CPU.ActiveCfg = Release|Any CPU
		{8C9FEEFF-9D49-4375-84EE-130B9A7FD32A}.Release|Any CPU.Build.0 = Release|Any CPU
		{63E1D096-8AF8-4670-BACF-CC90A0426B05}.Debug|Any CPU.ActiveCfg = Debug|Any CPU
		{63E1D096-8AF8-4670-BACF-CC90A0426B05}.Debug|Any CPU.Build.0 = Debug|Any CPU
		{63E1D096-8AF8-4670-BACF-CC90A0426B05}.Release|Any CPU.ActiveCfg = Release|Any CPU
		{63E1D096-8AF8-4670-BACF-CC90A0426B05}.Release|Any CPU.Build.0 = Release|Any CPU
		{94FB9FFD-D019-4E1B-B278-594A8AFF9B15}.Debug|Any CPU.ActiveCfg = Debug|Any CPU
		{94FB9FFD-D019-4E1B-B278-594A8AFF9B15}.Debug|Any CPU.Build.0 = Debug|Any CPU
		{94FB9FFD-D019-4E1B-B278-594A8AFF9B15}.Release|Any CPU.ActiveCfg = Release|Any CPU
		{94FB9FFD-D019-4E1B-B278-594A8AFF9B15}.Release|Any CPU.Build.0 = Release|Any CPU
		{78037A2C-98D2-4BF0-9E83-A4C8CBF53AA0}.Debug|Any CPU.ActiveCfg = Debug|Any CPU
		{78037A2C-98D2-4BF0-9E83-A4C8CBF53AA0}.Debug|Any CPU.Build.0 = Debug|Any CPU
		{78037A2C-98D2-4BF0-9E83-A4C8CBF53AA0}.Release|Any CPU.ActiveCfg = Release|Any CPU
		{78037A2C-98D2-4BF0-9E83-A4C8CBF53AA0}.Release|Any CPU.Build.0 = Release|Any CPU
		{6E39BD00-BBCB-423A-94D5-1D5EC4EA373A}.Debug|Any CPU.ActiveCfg = Debug|Any CPU
		{6E39BD00-BBCB-423A-94D5-1D5EC4EA373A}.Debug|Any CPU.Build.0 = Debug|Any CPU
		{6E39BD00-BBCB-423A-94D5-1D5EC4EA373A}.Release|Any CPU.ActiveCfg = Release|Any CPU
		{6E39BD00-BBCB-423A-94D5-1D5EC4EA373A}.Release|Any CPU.Build.0 = Release|Any CPU
	EndGlobalSection
	GlobalSection(SolutionProperties) = preSolution
		HideSolutionNode = FALSE
	EndGlobalSection
	GlobalSection(ExtensibilityGlobals) = postSolution
		SolutionGuid = {4B28DBDD-0F3C-46B3-8F32-2FF20AAFCB41}
	EndGlobalSection
EndGlobal
