
Microsoft Visual Studio Solution File, Format Version 12.00
# Visual Studio Version 17
VisualStudioVersion = 17.4.33110.190
MinimumVisualStudioVersion = 10.0.40219.1
Project("{778DAE3C-4631-46EA-AA77-85C1314464D9}") = "Day01", "Day1\Day01.vbproj", "{212ED2C5-0E08-4B01-BDA8-2B832A3F64A7}"
EndProject
Project("{778DAE3C-4631-46EA-AA77-85C1314464D9}") = "Day02", "Day02\Day02.vbproj", "{69352147-842E-4776-A580-936A196B019D}"
EndProject
Project("{778DAE3C-4631-46EA-AA77-85C1314464D9}") = "Day03", "Day03\Day03.vbproj", "{81C5DDCB-B1B1-4E0F-BA9B-2723F424C47F}"
EndProject
Project("{778DAE3C-4631-46EA-AA77-85C1314464D9}") = "Day04", "Day04\Day04.vbproj", "{9E8FD9BD-81D6-4BB6-8A2C-83BFB0184408}"
EndProject
Project("{778DAE3C-4631-46EA-AA77-85C1314464D9}") = "Day05", "Day05\Day05.vbproj", "{0726200F-87B4-4545-8296-E47AEF0DC180}"
EndProject
Project("{778DAE3C-4631-46EA-AA77-85C1314464D9}") = "Day06", "Day06\Day06.vbproj", "{D745C1D5-B773-44F4-A47D-E846E80BAF7D}"
EndProject
Project("{778DAE3C-4631-46EA-AA77-85C1314464D9}") = "Day07", "Day07\Day07.vbproj", "{B487111B-EBDC-423F-BE6F-AC6418232565}"
EndProject
Project("{778DAE3C-4631-46EA-AA77-85C1314464D9}") = "Day08", "Day08\Day08.vbproj", "{6F67DE71-9749-4DFE-8797-038BA32E5378}"
EndProject
Project("{778DAE3C-4631-46EA-AA77-85C1314464D9}") = "Day09", "Day09\Day09.vbproj", "{5CFFFD86-31DD-4689-A7D7-65CB28C3B71D}"
EndProject
Project("{778DAE3C-4631-46EA-AA77-85C1314464D9}") = "Day10", "Day10\Day10.vbproj", "{EC2DE771-9BE6-4B7C-87A5-33C45F6FB191}"
EndProject
Project("{778DAE3C-4631-46EA-AA77-85C1314464D9}") = "Day11", "Day11\Day11.vbproj", "{D65684C3-B4B0-4D7F-8930-27D33C3A8C0F}"
EndProject
Project("{778DAE3C-4631-46EA-AA77-85C1314464D9}") = "Day12", "Day12\Day12.vbproj", "{3609CBB0-7AD0-471D-8051-632B62B6A079}"
EndProject
Project("{778DAE3C-4631-46EA-AA77-85C1314464D9}") = "Day13", "Day13\Day13.vbproj", "{2AABF2B4-8D29-4737-A8FA-04917C86C600}"
EndProject
Project("{778DAE3C-4631-46EA-AA77-85C1314464D9}") = "Day14", "Day14\Day14.vbproj", "{B457701A-7E27-4E2B-B8C3-E793450BE80F}"
EndProject
Project("{778DAE3C-4631-46EA-AA77-85C1314464D9}") = "Day15", "Day15\Day15.vbproj", "{6C2E7F22-4761-495B-AFBB-60CEB5B10704}"
EndProject
Project("{778DAE3C-4631-46EA-AA77-85C1314464D9}") = "Day16", "Day16\Day16.vbproj", "{5596793D-9825-4040-8500-ADAB4023A05A}"
EndProject
Project("{778DAE3C-4631-46EA-AA77-85C1314464D9}") = "Day17", "Day17\Day17.vbproj", "{6EC209FE-ADD9-4B97-A090-EAD0D14C1653}"
EndProject
Project("{778DAE3C-4631-46EA-AA77-85C1314464D9}") = "Day18", "Day18\Day18.vbproj", "{844CBBA4-3B21-4FF7-8C79-2195FF4270DA}"
EndProject
Project("{778DAE3C-4631-46EA-AA77-85C1314464D9}") = "Day19", "Day19\Day19.vbproj", "{CD5EC0C1-6334-4858-9B83-06EDFB16AFE6}"
EndProject
Project("{778DAE3C-4631-46EA-AA77-85C1314464D9}") = "Day20", "Day20\Day20.vbproj", "{0C5B768D-DB33-4C64-A8F2-B1E7DC74E6FF}"
EndProject
Project("{778DAE3C-4631-46EA-AA77-85C1314464D9}") = "Day21", "Day21\Day21.vbproj", "{1625EA5A-0C9D-48E6-BB26-4164CE9FABE9}"
EndProject
Project("{778DAE3C-4631-46EA-AA77-85C1314464D9}") = "Day22", "Day22\Day22.vbproj", "{23C550DA-8DCA-4B7D-8647-835C8E42C3D0}"
EndProject
Project("{778DAE3C-4631-46EA-AA77-85C1314464D9}") = "Day23", "Day23\Day23.vbproj", "{8CF0EC81-8F2C-44F5-A9A5-E32874EF17E1}"
EndProject
Project("{F184B08F-C81C-45F6-A57F-5ABD9991F28F}") = "Day24", "Day24\Day24.vbproj", "{9261BAA8-3E6B-4DA5-9235-7417DD9E5A02}"
EndProject
Project("{F184B08F-C81C-45F6-A57F-5ABD9991F28F}") = "Day25", "Day25\Day25.vbproj", "{28AF31BE-A519-4A25-9BC9-8A255668C311}"
EndProject
Global
	GlobalSection(SolutionConfigurationPlatforms) = preSolution
		Debug|Any CPU = Debug|Any CPU
		Release|Any CPU = Release|Any CPU
	EndGlobalSection
	GlobalSection(ProjectConfigurationPlatforms) = postSolution
		{212ED2C5-0E08-4B01-BDA8-2B832A3F64A7}.Debug|Any CPU.ActiveCfg = Debug|Any CPU
		{212ED2C5-0E08-4B01-BDA8-2B832A3F64A7}.Debug|Any CPU.Build.0 = Debug|Any CPU
		{212ED2C5-0E08-4B01-BDA8-2B832A3F64A7}.Release|Any CPU.ActiveCfg = Release|Any CPU
		{212ED2C5-0E08-4B01-BDA8-2B832A3F64A7}.Release|Any CPU.Build.0 = Release|Any CPU
		{69352147-842E-4776-A580-936A196B019D}.Debug|Any CPU.ActiveCfg = Debug|Any CPU
		{69352147-842E-4776-A580-936A196B019D}.Debug|Any CPU.Build.0 = Debug|Any CPU
		{69352147-842E-4776-A580-936A196B019D}.Release|Any CPU.ActiveCfg = Release|Any CPU
		{69352147-842E-4776-A580-936A196B019D}.Release|Any CPU.Build.0 = Release|Any CPU
		{81C5DDCB-B1B1-4E0F-BA9B-2723F424C47F}.Debug|Any CPU.ActiveCfg = Debug|Any CPU
		{81C5DDCB-B1B1-4E0F-BA9B-2723F424C47F}.Debug|Any CPU.Build.0 = Debug|Any CPU
		{81C5DDCB-B1B1-4E0F-BA9B-2723F424C47F}.Release|Any CPU.ActiveCfg = Release|Any CPU
		{81C5DDCB-B1B1-4E0F-BA9B-2723F424C47F}.Release|Any CPU.Build.0 = Release|Any CPU
		{9E8FD9BD-81D6-4BB6-8A2C-83BFB0184408}.Debug|Any CPU.ActiveCfg = Debug|Any CPU
		{9E8FD9BD-81D6-4BB6-8A2C-83BFB0184408}.Debug|Any CPU.Build.0 = Debug|Any CPU
		{9E8FD9BD-81D6-4BB6-8A2C-83BFB0184408}.Release|Any CPU.ActiveCfg = Release|Any CPU
		{9E8FD9BD-81D6-4BB6-8A2C-83BFB0184408}.Release|Any CPU.Build.0 = Release|Any CPU
		{0726200F-87B4-4545-8296-E47AEF0DC180}.Debug|Any CPU.ActiveCfg = Debug|Any CPU
		{0726200F-87B4-4545-8296-E47AEF0DC180}.Debug|Any CPU.Build.0 = Debug|Any CPU
		{0726200F-87B4-4545-8296-E47AEF0DC180}.Release|Any CPU.ActiveCfg = Release|Any CPU
		{0726200F-87B4-4545-8296-E47AEF0DC180}.Release|Any CPU.Build.0 = Release|Any CPU
		{D745C1D5-B773-44F4-A47D-E846E80BAF7D}.Debug|Any CPU.ActiveCfg = Debug|Any CPU
		{D745C1D5-B773-44F4-A47D-E846E80BAF7D}.Debug|Any CPU.Build.0 = Debug|Any CPU
		{D745C1D5-B773-44F4-A47D-E846E80BAF7D}.Release|Any CPU.ActiveCfg = Release|Any CPU
		{D745C1D5-B773-44F4-A47D-E846E80BAF7D}.Release|Any CPU.Build.0 = Release|Any CPU
		{B487111B-EBDC-423F-BE6F-AC6418232565}.Debug|Any CPU.ActiveCfg = Debug|Any CPU
		{B487111B-EBDC-423F-BE6F-AC6418232565}.Debug|Any CPU.Build.0 = Debug|Any CPU
		{B487111B-EBDC-423F-BE6F-AC6418232565}.Release|Any CPU.ActiveCfg = Release|Any CPU
		{B487111B-EBDC-423F-BE6F-AC6418232565}.Release|Any CPU.Build.0 = Release|Any CPU
		{6F67DE71-9749-4DFE-8797-038BA32E5378}.Debug|Any CPU.ActiveCfg = Debug|Any CPU
		{6F67DE71-9749-4DFE-8797-038BA32E5378}.Debug|Any CPU.Build.0 = Debug|Any CPU
		{6F67DE71-9749-4DFE-8797-038BA32E5378}.Release|Any CPU.ActiveCfg = Release|Any CPU
		{6F67DE71-9749-4DFE-8797-038BA32E5378}.Release|Any CPU.Build.0 = Release|Any CPU
		{5CFFFD86-31DD-4689-A7D7-65CB28C3B71D}.Debug|Any CPU.ActiveCfg = Debug|Any CPU
		{5CFFFD86-31DD-4689-A7D7-65CB28C3B71D}.Debug|Any CPU.Build.0 = Debug|Any CPU
		{5CFFFD86-31DD-4689-A7D7-65CB28C3B71D}.Release|Any CPU.ActiveCfg = Release|Any CPU
		{5CFFFD86-31DD-4689-A7D7-65CB28C3B71D}.Release|Any CPU.Build.0 = Release|Any CPU
		{EC2DE771-9BE6-4B7C-87A5-33C45F6FB191}.Debug|Any CPU.ActiveCfg = Debug|Any CPU
		{EC2DE771-9BE6-4B7C-87A5-33C45F6FB191}.Debug|Any CPU.Build.0 = Debug|Any CPU
		{EC2DE771-9BE6-4B7C-87A5-33C45F6FB191}.Release|Any CPU.ActiveCfg = Release|Any CPU
		{EC2DE771-9BE6-4B7C-87A5-33C45F6FB191}.Release|Any CPU.Build.0 = Release|Any CPU
		{D65684C3-B4B0-4D7F-8930-27D33C3A8C0F}.Debug|Any CPU.ActiveCfg = Debug|Any CPU
		{D65684C3-B4B0-4D7F-8930-27D33C3A8C0F}.Debug|Any CPU.Build.0 = Debug|Any CPU
		{D65684C3-B4B0-4D7F-8930-27D33C3A8C0F}.Release|Any CPU.ActiveCfg = Release|Any CPU
		{D65684C3-B4B0-4D7F-8930-27D33C3A8C0F}.Release|Any CPU.Build.0 = Release|Any CPU
		{3609CBB0-7AD0-471D-8051-632B62B6A079}.Debug|Any CPU.ActiveCfg = Debug|Any CPU
		{3609CBB0-7AD0-471D-8051-632B62B6A079}.Debug|Any CPU.Build.0 = Debug|Any CPU
		{3609CBB0-7AD0-471D-8051-632B62B6A079}.Release|Any CPU.ActiveCfg = Release|Any CPU
		{3609CBB0-7AD0-471D-8051-632B62B6A079}.Release|Any CPU.Build.0 = Release|Any CPU
		{2AABF2B4-8D29-4737-A8FA-04917C86C600}.Debug|Any CPU.ActiveCfg = Debug|Any CPU
		{2AABF2B4-8D29-4737-A8FA-04917C86C600}.Debug|Any CPU.Build.0 = Debug|Any CPU
		{2AABF2B4-8D29-4737-A8FA-04917C86C600}.Release|Any CPU.ActiveCfg = Release|Any CPU
		{2AABF2B4-8D29-4737-A8FA-04917C86C600}.Release|Any CPU.Build.0 = Release|Any CPU
		{B457701A-7E27-4E2B-B8C3-E793450BE80F}.Debug|Any CPU.ActiveCfg = Debug|Any CPU
		{B457701A-7E27-4E2B-B8C3-E793450BE80F}.Debug|Any CPU.Build.0 = Debug|Any CPU
		{B457701A-7E27-4E2B-B8C3-E793450BE80F}.Release|Any CPU.ActiveCfg = Release|Any CPU
		{B457701A-7E27-4E2B-B8C3-E793450BE80F}.Release|Any CPU.Build.0 = Release|Any CPU
		{6C2E7F22-4761-495B-AFBB-60CEB5B10704}.Debug|Any CPU.ActiveCfg = Debug|Any CPU
		{6C2E7F22-4761-495B-AFBB-60CEB5B10704}.Debug|Any CPU.Build.0 = Debug|Any CPU
		{6C2E7F22-4761-495B-AFBB-60CEB5B10704}.Release|Any CPU.ActiveCfg = Release|Any CPU
		{6C2E7F22-4761-495B-AFBB-60CEB5B10704}.Release|Any CPU.Build.0 = Release|Any CPU
		{5596793D-9825-4040-8500-ADAB4023A05A}.Debug|Any CPU.ActiveCfg = Debug|Any CPU
		{5596793D-9825-4040-8500-ADAB4023A05A}.Debug|Any CPU.Build.0 = Debug|Any CPU
		{5596793D-9825-4040-8500-ADAB4023A05A}.Release|Any CPU.ActiveCfg = Release|Any CPU
		{5596793D-9825-4040-8500-ADAB4023A05A}.Release|Any CPU.Build.0 = Release|Any CPU
		{6EC209FE-ADD9-4B97-A090-EAD0D14C1653}.Debug|Any CPU.ActiveCfg = Debug|Any CPU
		{6EC209FE-ADD9-4B97-A090-EAD0D14C1653}.Debug|Any CPU.Build.0 = Debug|Any CPU
		{6EC209FE-ADD9-4B97-A090-EAD0D14C1653}.Release|Any CPU.ActiveCfg = Release|Any CPU
		{6EC209FE-ADD9-4B97-A090-EAD0D14C1653}.Release|Any CPU.Build.0 = Release|Any CPU
		{844CBBA4-3B21-4FF7-8C79-2195FF4270DA}.Debug|Any CPU.ActiveCfg = Debug|Any CPU
		{844CBBA4-3B21-4FF7-8C79-2195FF4270DA}.Debug|Any CPU.Build.0 = Debug|Any CPU
		{844CBBA4-3B21-4FF7-8C79-2195FF4270DA}.Release|Any CPU.ActiveCfg = Release|Any CPU
		{844CBBA4-3B21-4FF7-8C79-2195FF4270DA}.Release|Any CPU.Build.0 = Release|Any CPU
		{CD5EC0C1-6334-4858-9B83-06EDFB16AFE6}.Debug|Any CPU.ActiveCfg = Debug|Any CPU
		{CD5EC0C1-6334-4858-9B83-06EDFB16AFE6}.Debug|Any CPU.Build.0 = Debug|Any CPU
		{CD5EC0C1-6334-4858-9B83-06EDFB16AFE6}.Release|Any CPU.ActiveCfg = Release|Any CPU
		{CD5EC0C1-6334-4858-9B83-06EDFB16AFE6}.Release|Any CPU.Build.0 = Release|Any CPU
		{0C5B768D-DB33-4C64-A8F2-B1E7DC74E6FF}.Debug|Any CPU.ActiveCfg = Debug|Any CPU
		{0C5B768D-DB33-4C64-A8F2-B1E7DC74E6FF}.Debug|Any CPU.Build.0 = Debug|Any CPU
		{0C5B768D-DB33-4C64-A8F2-B1E7DC74E6FF}.Release|Any CPU.ActiveCfg = Release|Any CPU
		{0C5B768D-DB33-4C64-A8F2-B1E7DC74E6FF}.Release|Any CPU.Build.0 = Release|Any CPU
		{1625EA5A-0C9D-48E6-BB26-4164CE9FABE9}.Debug|Any CPU.ActiveCfg = Debug|Any CPU
		{1625EA5A-0C9D-48E6-BB26-4164CE9FABE9}.Debug|Any CPU.Build.0 = Debug|Any CPU
		{1625EA5A-0C9D-48E6-BB26-4164CE9FABE9}.Release|Any CPU.ActiveCfg = Release|Any CPU
		{1625EA5A-0C9D-48E6-BB26-4164CE9FABE9}.Release|Any CPU.Build.0 = Release|Any CPU
		{23C550DA-8DCA-4B7D-8647-835C8E42C3D0}.Debug|Any CPU.ActiveCfg = Debug|Any CPU
		{23C550DA-8DCA-4B7D-8647-835C8E42C3D0}.Debug|Any CPU.Build.0 = Debug|Any CPU
		{23C550DA-8DCA-4B7D-8647-835C8E42C3D0}.Release|Any CPU.ActiveCfg = Release|Any CPU
		{23C550DA-8DCA-4B7D-8647-835C8E42C3D0}.Release|Any CPU.Build.0 = Release|Any CPU
		{8CF0EC81-8F2C-44F5-A9A5-E32874EF17E1}.Debug|Any CPU.ActiveCfg = Debug|Any CPU
		{8CF0EC81-8F2C-44F5-A9A5-E32874EF17E1}.Debug|Any CPU.Build.0 = Debug|Any CPU
		{8CF0EC81-8F2C-44F5-A9A5-E32874EF17E1}.Release|Any CPU.ActiveCfg = Release|Any CPU
		{8CF0EC81-8F2C-44F5-A9A5-E32874EF17E1}.Release|Any CPU.Build.0 = Release|Any CPU
		{9261BAA8-3E6B-4DA5-9235-7417DD9E5A02}.Debug|Any CPU.ActiveCfg = Debug|Any CPU
		{9261BAA8-3E6B-4DA5-9235-7417DD9E5A02}.Debug|Any CPU.Build.0 = Debug|Any CPU
		{9261BAA8-3E6B-4DA5-9235-7417DD9E5A02}.Release|Any CPU.ActiveCfg = Release|Any CPU
		{9261BAA8-3E6B-4DA5-9235-7417DD9E5A02}.Release|Any CPU.Build.0 = Release|Any CPU
		{28AF31BE-A519-4A25-9BC9-8A255668C311}.Debug|Any CPU.ActiveCfg = Debug|Any CPU
		{28AF31BE-A519-4A25-9BC9-8A255668C311}.Debug|Any CPU.Build.0 = Debug|Any CPU
		{28AF31BE-A519-4A25-9BC9-8A255668C311}.Release|Any CPU.ActiveCfg = Release|Any CPU
		{28AF31BE-A519-4A25-9BC9-8A255668C311}.Release|Any CPU.Build.0 = Release|Any CPU
	EndGlobalSection
	GlobalSection(SolutionProperties) = preSolution
		HideSolutionNode = FALSE
	EndGlobalSection
	GlobalSection(ExtensibilityGlobals) = postSolution
		SolutionGuid = {127A88BD-7A28-4DF0-BB00-68A3ECB82403}
	EndGlobalSection
EndGlobal
