
Microsoft Visual Studio Solution File, Format Version 12.00
# Visual Studio Version 17
VisualStudioVersion = 17.0.32112.339
MinimumVisualStudioVersion = 10.0.40219.1
Project("{9A19103F-16F7-4668-BE54-9A1E7A4F7556}") = "Day02", "Day02\Day02.csproj", "{F50720C0-92EA-4F30-A778-0F2F212686E8}"
EndProject
Project("{9A19103F-16F7-4668-BE54-9A1E7A4F7556}") = "Day01", "Day01\Day01.csproj", "{E670F971-0DAB-4DAC-8776-DB5A3665246E}"
EndProject
Global
	GlobalSection(SolutionConfigurationPlatforms) = preSolution
		Debug|Any CPU = Debug|Any CPU
		Release|Any CPU = Release|Any CPU
	EndGlobalSection
	GlobalSection(ProjectConfigurationPlatforms) = postSolution
		{F50720C0-92EA-4F30-A778-0F2F212686E8}.Debug|Any CPU.ActiveCfg = Debug|Any CPU
		{F50720C0-92EA-4F30-A778-0F2F212686E8}.Debug|Any CPU.Build.0 = Debug|Any CPU
		{F50720C0-92EA-4F30-A778-0F2F212686E8}.Release|Any CPU.ActiveCfg = Release|Any CPU
		{F50720C0-92EA-4F30-A778-0F2F212686E8}.Release|Any CPU.Build.0 = Release|Any CPU
		{E670F971-0DAB-4DAC-8776-DB5A3665246E}.Debug|Any CPU.ActiveCfg = Debug|Any CPU
		{E670F971-0DAB-4DAC-8776-DB5A3665246E}.Debug|Any CPU.Build.0 = Debug|Any CPU
		{E670F971-0DAB-4DAC-8776-DB5A3665246E}.Release|Any CPU.ActiveCfg = Release|Any CPU
		{E670F971-0DAB-4DAC-8776-DB5A3665246E}.Release|Any CPU.Build.0 = Release|Any CPU
	EndGlobalSection
	GlobalSection(SolutionProperties) = preSolution
		HideSolutionNode = FALSE
	EndGlobalSection
	GlobalSection(ExtensibilityGlobals) = postSolution
		SolutionGuid = {5F8EEC11-3467-4216-BE8E-B2647C2CDB17}
	EndGlobalSection
EndGlobal
