
Microsoft Visual Studio Solution File, Format Version 12.00
# Visual Studio Version 17
VisualStudioVersion = 17.0.32112.339
MinimumVisualStudioVersion = 10.0.40219.1
Project("{9A19103F-16F7-4668-BE54-9A1E7A4F7556}") = "Day02", "Day02\Day02.csproj", "{F50720C0-92EA-4F30-A778-0F2F212686E8}"
EndProject
Project("{9A19103F-16F7-4668-BE54-9A1E7A4F7556}") = "Day01", "Day01\Day01.csproj", "{E670F971-0DAB-4DAC-8776-DB5A3665246E}"
EndProject
Project("{9A19103F-16F7-4668-BE54-9A1E7A4F7556}") = "Day03", "Day03\Day03.csproj", "{850EC40E-9467-4068-A0F5-A94603708985}"
EndProject
Project("{9A19103F-16F7-4668-BE54-9A1E7A4F7556}") = "Day04", "Day04\Day04.csproj", "{0FAE4642-25EB-42FE-B89E-87518086A84A}"
EndProject
Project("{9A19103F-16F7-4668-BE54-9A1E7A4F7556}") = "Day05", "Day05\Day05.csproj", "{B69B39F2-73F5-4A33-B33A-ADB4BF117328}"
EndProject
Project("{9A19103F-16F7-4668-BE54-9A1E7A4F7556}") = "Day06", "Day06\Day06.csproj", "{6AFF2D4B-3E63-486F-B95D-36AADC1BC793}"
EndProject
Project("{9A19103F-16F7-4668-BE54-9A1E7A4F7556}") = "Day07", "Day07\Day07.csproj", "{97E10587-C45A-4A9F-B1B1-9BBD10C234C7}"
EndProject
Project("{9A19103F-16F7-4668-BE54-9A1E7A4F7556}") = "Day08", "Day08\Day08.csproj", "{BEA9D268-D276-4183-A155-E52A4FB40324}"
EndProject
Project("{9A19103F-16F7-4668-BE54-9A1E7A4F7556}") = "Day06Visual", "Day06Visual\Day06Visual.csproj", "{A5836562-8C6B-484D-B0D3-341EAEE1EA22}"
EndProject
Project("{9A19103F-16F7-4668-BE54-9A1E7A4F7556}") = "Day09", "Day09\Day09.csproj", "{60AFDE6A-4791-4F2D-9FC6-5D6C59FA174C}"
EndProject
Project("{9A19103F-16F7-4668-BE54-9A1E7A4F7556}") = "Day10", "Day10\Day10.csproj", "{AEB9BFEB-591B-45B9-BBF9-D101849205E7}"
EndProject
Project("{9A19103F-16F7-4668-BE54-9A1E7A4F7556}") = "Day11", "Day11\Day11.csproj", "{48B69172-4FE7-49D4-A245-E559BD9CDA30}"
EndProject
Project("{9A19103F-16F7-4668-BE54-9A1E7A4F7556}") = "Day12", "Day12\Day12.csproj", "{4C7B0A93-33DA-41B9-A9F5-2CCFD4A2D9E5}"
EndProject
Project("{9A19103F-16F7-4668-BE54-9A1E7A4F7556}") = "Day13", "Day13\Day13.csproj", "{8B27E55D-601A-4060-AE40-871345112E01}"
EndProject
Project("{9A19103F-16F7-4668-BE54-9A1E7A4F7556}") = "Day14", "Day14\Day14.csproj", "{D6FE5A10-6C6E-43C8-B7D3-6EEB7A3FA484}"
EndProject
Project("{9A19103F-16F7-4668-BE54-9A1E7A4F7556}") = "Day15", "Day15\Day15.csproj", "{0A29E120-5931-492C-B125-BD0CFD6FECAB}"
EndProject
Project("{9A19103F-16F7-4668-BE54-9A1E7A4F7556}") = "Day16", "Day16\Day16.csproj", "{D2CC094F-97D4-4EE6-97DA-4642C128AB64}"
EndProject
Project("{2150E333-8FDC-42A3-9474-1A3956D46DE8}") = "Solution Items", "Solution Items", "{D4FBBC93-EC20-4082-B993-46FD28F125A7}"
EndProject
Project("{9A19103F-16F7-4668-BE54-9A1E7A4F7556}") = "Day17", "Day17\Day17.csproj", "{D4DF1923-E32D-4DFF-9B0C-48276C1C9208}"
EndProject
Project("{9A19103F-16F7-4668-BE54-9A1E7A4F7556}") = "Day18", "Day18\Day18.csproj", "{4EA7D8B8-BA9E-4662-B0B9-94671E6CD4FD}"
EndProject
Project("{9A19103F-16F7-4668-BE54-9A1E7A4F7556}") = "Day19", "Day19\Day19.csproj", "{275018C5-9031-4120-94F4-A7A7B4E0AF47}"
EndProject
Project("{9A19103F-16F7-4668-BE54-9A1E7A4F7556}") = "Day20", "Day20\Day20.csproj", "{0D4D346D-714A-4FDF-9C63-D60EAC9A19A3}"
EndProject
Project("{9A19103F-16F7-4668-BE54-9A1E7A4F7556}") = "Day21", "Day21\Day21.csproj", "{234DDCEA-EA57-4045-BF83-CC7DD55E9EBA}"
EndProject
Project("{9A19103F-16F7-4668-BE54-9A1E7A4F7556}") = "Day22", "Day22\Day22.csproj", "{8A83CA00-1AA2-4A42-A183-B1F225DFA7F5}"
EndProject
Project("{9A19103F-16F7-4668-BE54-9A1E7A4F7556}") = "Day23", "Day23\Day23.csproj", "{90B77FB3-00CD-4874-87E6-C956574A32EC}"
EndProject
Project("{9A19103F-16F7-4668-BE54-9A1E7A4F7556}") = "Day24", "Day24\Day24.csproj", "{72F964D8-E19D-4A5F-BC53-6F0C0401BFFA}"
EndProject
Project("{9A19103F-16F7-4668-BE54-9A1E7A4F7556}") = "Day25", "Day25\Day25.csproj", "{58482DDC-BAB8-4C2E-936E-0A72577CA0CA}"
EndProject
Project("{9A19103F-16F7-4668-BE54-9A1E7A4F7556}") = "Day31", "Day31Bonus\Day31.csproj", "{DB205692-7C49-4FE1-9C7A-94F9FF14A5B6}"
EndProject
Global
	GlobalSection(SolutionConfigurationPlatforms) = preSolution
		Debug|Any CPU = Debug|Any CPU
		Release|Any CPU = Release|Any CPU
	EndGlobalSection
	GlobalSection(ProjectConfigurationPlatforms) = postSolution
		{F50720C0-92EA-4F30-A778-0F2F212686E8}.Debug|Any CPU.ActiveCfg = Debug|Any CPU
		{F50720C0-92EA-4F30-A778-0F2F212686E8}.Debug|Any CPU.Build.0 = Debug|Any CPU
		{F50720C0-92EA-4F30-A778-0F2F212686E8}.Release|Any CPU.ActiveCfg = Release|Any CPU
		{F50720C0-92EA-4F30-A778-0F2F212686E8}.Release|Any CPU.Build.0 = Release|Any CPU
		{E670F971-0DAB-4DAC-8776-DB5A3665246E}.Debug|Any CPU.ActiveCfg = Debug|Any CPU
		{E670F971-0DAB-4DAC-8776-DB5A3665246E}.Debug|Any CPU.Build.0 = Debug|Any CPU
		{E670F971-0DAB-4DAC-8776-DB5A3665246E}.Release|Any CPU.ActiveCfg = Release|Any CPU
		{E670F971-0DAB-4DAC-8776-DB5A3665246E}.Release|Any CPU.Build.0 = Release|Any CPU
		{850EC40E-9467-4068-A0F5-A94603708985}.Debug|Any CPU.ActiveCfg = Debug|Any CPU
		{850EC40E-9467-4068-A0F5-A94603708985}.Debug|Any CPU.Build.0 = Debug|Any CPU
		{850EC40E-9467-4068-A0F5-A94603708985}.Release|Any CPU.ActiveCfg = Release|Any CPU
		{850EC40E-9467-4068-A0F5-A94603708985}.Release|Any CPU.Build.0 = Release|Any CPU
		{0FAE4642-25EB-42FE-B89E-87518086A84A}.Debug|Any CPU.ActiveCfg = Debug|Any CPU
		{0FAE4642-25EB-42FE-B89E-87518086A84A}.Debug|Any CPU.Build.0 = Debug|Any CPU
		{0FAE4642-25EB-42FE-B89E-87518086A84A}.Release|Any CPU.ActiveCfg = Release|Any CPU
		{0FAE4642-25EB-42FE-B89E-87518086A84A}.Release|Any CPU.Build.0 = Release|Any CPU
		{B69B39F2-73F5-4A33-B33A-ADB4BF117328}.Debug|Any CPU.ActiveCfg = Debug|Any CPU
		{B69B39F2-73F5-4A33-B33A-ADB4BF117328}.Debug|Any CPU.Build.0 = Debug|Any CPU
		{B69B39F2-73F5-4A33-B33A-ADB4BF117328}.Release|Any CPU.ActiveCfg = Release|Any CPU
		{B69B39F2-73F5-4A33-B33A-ADB4BF117328}.Release|Any CPU.Build.0 = Release|Any CPU
		{6AFF2D4B-3E63-486F-B95D-36AADC1BC793}.Debug|Any CPU.ActiveCfg = Debug|Any CPU
		{6AFF2D4B-3E63-486F-B95D-36AADC1BC793}.Debug|Any CPU.Build.0 = Debug|Any CPU
		{6AFF2D4B-3E63-486F-B95D-36AADC1BC793}.Release|Any CPU.ActiveCfg = Release|Any CPU
		{6AFF2D4B-3E63-486F-B95D-36AADC1BC793}.Release|Any CPU.Build.0 = Release|Any CPU
		{97E10587-C45A-4A9F-B1B1-9BBD10C234C7}.Debug|Any CPU.ActiveCfg = Debug|Any CPU
		{97E10587-C45A-4A9F-B1B1-9BBD10C234C7}.Debug|Any CPU.Build.0 = Debug|Any CPU
		{97E10587-C45A-4A9F-B1B1-9BBD10C234C7}.Release|Any CPU.ActiveCfg = Release|Any CPU
		{97E10587-C45A-4A9F-B1B1-9BBD10C234C7}.Release|Any CPU.Build.0 = Release|Any CPU
		{BEA9D268-D276-4183-A155-E52A4FB40324}.Debug|Any CPU.ActiveCfg = Debug|Any CPU
		{BEA9D268-D276-4183-A155-E52A4FB40324}.Debug|Any CPU.Build.0 = Debug|Any CPU
		{BEA9D268-D276-4183-A155-E52A4FB40324}.Release|Any CPU.ActiveCfg = Release|Any CPU
		{BEA9D268-D276-4183-A155-E52A4FB40324}.Release|Any CPU.Build.0 = Release|Any CPU
		{A5836562-8C6B-484D-B0D3-341EAEE1EA22}.Debug|Any CPU.ActiveCfg = Debug|Any CPU
		{A5836562-8C6B-484D-B0D3-341EAEE1EA22}.Debug|Any CPU.Build.0 = Debug|Any CPU
		{A5836562-8C6B-484D-B0D3-341EAEE1EA22}.Release|Any CPU.ActiveCfg = Release|Any CPU
		{A5836562-8C6B-484D-B0D3-341EAEE1EA22}.Release|Any CPU.Build.0 = Release|Any CPU
		{60AFDE6A-4791-4F2D-9FC6-5D6C59FA174C}.Debug|Any CPU.ActiveCfg = Debug|Any CPU
		{60AFDE6A-4791-4F2D-9FC6-5D6C59FA174C}.Debug|Any CPU.Build.0 = Debug|Any CPU
		{60AFDE6A-4791-4F2D-9FC6-5D6C59FA174C}.Release|Any CPU.ActiveCfg = Release|Any CPU
		{60AFDE6A-4791-4F2D-9FC6-5D6C59FA174C}.Release|Any CPU.Build.0 = Release|Any CPU
		{AEB9BFEB-591B-45B9-BBF9-D101849205E7}.Debug|Any CPU.ActiveCfg = Debug|Any CPU
		{AEB9BFEB-591B-45B9-BBF9-D101849205E7}.Debug|Any CPU.Build.0 = Debug|Any CPU
		{AEB9BFEB-591B-45B9-BBF9-D101849205E7}.Release|Any CPU.ActiveCfg = Release|Any CPU
		{AEB9BFEB-591B-45B9-BBF9-D101849205E7}.Release|Any CPU.Build.0 = Release|Any CPU
		{48B69172-4FE7-49D4-A245-E559BD9CDA30}.Debug|Any CPU.ActiveCfg = Debug|Any CPU
		{48B69172-4FE7-49D4-A245-E559BD9CDA30}.Debug|Any CPU.Build.0 = Debug|Any CPU
		{48B69172-4FE7-49D4-A245-E559BD9CDA30}.Release|Any CPU.ActiveCfg = Release|Any CPU
		{48B69172-4FE7-49D4-A245-E559BD9CDA30}.Release|Any CPU.Build.0 = Release|Any CPU
		{4C7B0A93-33DA-41B9-A9F5-2CCFD4A2D9E5}.Debug|Any CPU.ActiveCfg = Debug|Any CPU
		{4C7B0A93-33DA-41B9-A9F5-2CCFD4A2D9E5}.Debug|Any CPU.Build.0 = Debug|Any CPU
		{4C7B0A93-33DA-41B9-A9F5-2CCFD4A2D9E5}.Release|Any CPU.ActiveCfg = Release|Any CPU
		{4C7B0A93-33DA-41B9-A9F5-2CCFD4A2D9E5}.Release|Any CPU.Build.0 = Release|Any CPU
		{8B27E55D-601A-4060-AE40-871345112E01}.Debug|Any CPU.ActiveCfg = Debug|Any CPU
		{8B27E55D-601A-4060-AE40-871345112E01}.Debug|Any CPU.Build.0 = Debug|Any CPU
		{8B27E55D-601A-4060-AE40-871345112E01}.Release|Any CPU.ActiveCfg = Release|Any CPU
		{8B27E55D-601A-4060-AE40-871345112E01}.Release|Any CPU.Build.0 = Release|Any CPU
		{D6FE5A10-6C6E-43C8-B7D3-6EEB7A3FA484}.Debug|Any CPU.ActiveCfg = Debug|Any CPU
		{D6FE5A10-6C6E-43C8-B7D3-6EEB7A3FA484}.Debug|Any CPU.Build.0 = Debug|Any CPU
		{D6FE5A10-6C6E-43C8-B7D3-6EEB7A3FA484}.Release|Any CPU.ActiveCfg = Release|Any CPU
		{D6FE5A10-6C6E-43C8-B7D3-6EEB7A3FA484}.Release|Any CPU.Build.0 = Release|Any CPU
		{0A29E120-5931-492C-B125-BD0CFD6FECAB}.Debug|Any CPU.ActiveCfg = Debug|Any CPU
		{0A29E120-5931-492C-B125-BD0CFD6FECAB}.Debug|Any CPU.Build.0 = Debug|Any CPU
		{0A29E120-5931-492C-B125-BD0CFD6FECAB}.Release|Any CPU.ActiveCfg = Release|Any CPU
		{0A29E120-5931-492C-B125-BD0CFD6FECAB}.Release|Any CPU.Build.0 = Release|Any CPU
		{D2CC094F-97D4-4EE6-97DA-4642C128AB64}.Debug|Any CPU.ActiveCfg = Debug|Any CPU
		{D2CC094F-97D4-4EE6-97DA-4642C128AB64}.Debug|Any CPU.Build.0 = Debug|Any CPU
		{D2CC094F-97D4-4EE6-97DA-4642C128AB64}.Release|Any CPU.ActiveCfg = Release|Any CPU
		{D2CC094F-97D4-4EE6-97DA-4642C128AB64}.Release|Any CPU.Build.0 = Release|Any CPU
		{D4DF1923-E32D-4DFF-9B0C-48276C1C9208}.Debug|Any CPU.ActiveCfg = Debug|Any CPU
		{D4DF1923-E32D-4DFF-9B0C-48276C1C9208}.Debug|Any CPU.Build.0 = Debug|Any CPU
		{D4DF1923-E32D-4DFF-9B0C-48276C1C9208}.Release|Any CPU.ActiveCfg = Release|Any CPU
		{D4DF1923-E32D-4DFF-9B0C-48276C1C9208}.Release|Any CPU.Build.0 = Release|Any CPU
		{4EA7D8B8-BA9E-4662-B0B9-94671E6CD4FD}.Debug|Any CPU.ActiveCfg = Debug|Any CPU
		{4EA7D8B8-BA9E-4662-B0B9-94671E6CD4FD}.Debug|Any CPU.Build.0 = Debug|Any CPU
		{4EA7D8B8-BA9E-4662-B0B9-94671E6CD4FD}.Release|Any CPU.ActiveCfg = Release|Any CPU
		{4EA7D8B8-BA9E-4662-B0B9-94671E6CD4FD}.Release|Any CPU.Build.0 = Release|Any CPU
		{275018C5-9031-4120-94F4-A7A7B4E0AF47}.Debug|Any CPU.ActiveCfg = Debug|Any CPU
		{275018C5-9031-4120-94F4-A7A7B4E0AF47}.Debug|Any CPU.Build.0 = Debug|Any CPU
		{275018C5-9031-4120-94F4-A7A7B4E0AF47}.Release|Any CPU.ActiveCfg = Release|Any CPU
		{275018C5-9031-4120-94F4-A7A7B4E0AF47}.Release|Any CPU.Build.0 = Release|Any CPU
		{0D4D346D-714A-4FDF-9C63-D60EAC9A19A3}.Debug|Any CPU.ActiveCfg = Debug|Any CPU
		{0D4D346D-714A-4FDF-9C63-D60EAC9A19A3}.Debug|Any CPU.Build.0 = Debug|Any CPU
		{0D4D346D-714A-4FDF-9C63-D60EAC9A19A3}.Release|Any CPU.ActiveCfg = Release|Any CPU
		{0D4D346D-714A-4FDF-9C63-D60EAC9A19A3}.Release|Any CPU.Build.0 = Release|Any CPU
		{234DDCEA-EA57-4045-BF83-CC7DD55E9EBA}.Debug|Any CPU.ActiveCfg = Debug|Any CPU
		{234DDCEA-EA57-4045-BF83-CC7DD55E9EBA}.Debug|Any CPU.Build.0 = Debug|Any CPU
		{234DDCEA-EA57-4045-BF83-CC7DD55E9EBA}.Release|Any CPU.ActiveCfg = Release|Any CPU
		{234DDCEA-EA57-4045-BF83-CC7DD55E9EBA}.Release|Any CPU.Build.0 = Release|Any CPU
		{8A83CA00-1AA2-4A42-A183-B1F225DFA7F5}.Debug|Any CPU.ActiveCfg = Debug|Any CPU
		{8A83CA00-1AA2-4A42-A183-B1F225DFA7F5}.Debug|Any CPU.Build.0 = Debug|Any CPU
		{8A83CA00-1AA2-4A42-A183-B1F225DFA7F5}.Release|Any CPU.ActiveCfg = Release|Any CPU
		{8A83CA00-1AA2-4A42-A183-B1F225DFA7F5}.Release|Any CPU.Build.0 = Release|Any CPU
		{90B77FB3-00CD-4874-87E6-C956574A32EC}.Debug|Any CPU.ActiveCfg = Debug|Any CPU
		{90B77FB3-00CD-4874-87E6-C956574A32EC}.Debug|Any CPU.Build.0 = Debug|Any CPU
		{90B77FB3-00CD-4874-87E6-C956574A32EC}.Release|Any CPU.ActiveCfg = Release|Any CPU
		{90B77FB3-00CD-4874-87E6-C956574A32EC}.Release|Any CPU.Build.0 = Release|Any CPU
		{72F964D8-E19D-4A5F-BC53-6F0C0401BFFA}.Debug|Any CPU.ActiveCfg = Debug|Any CPU
		{72F964D8-E19D-4A5F-BC53-6F0C0401BFFA}.Debug|Any CPU.Build.0 = Debug|Any CPU
		{72F964D8-E19D-4A5F-BC53-6F0C0401BFFA}.Release|Any CPU.ActiveCfg = Release|Any CPU
		{72F964D8-E19D-4A5F-BC53-6F0C0401BFFA}.Release|Any CPU.Build.0 = Release|Any CPU
		{58482DDC-BAB8-4C2E-936E-0A72577CA0CA}.Debug|Any CPU.ActiveCfg = Debug|Any CPU
		{58482DDC-BAB8-4C2E-936E-0A72577CA0CA}.Debug|Any CPU.Build.0 = Debug|Any CPU
		{58482DDC-BAB8-4C2E-936E-0A72577CA0CA}.Release|Any CPU.ActiveCfg = Release|Any CPU
		{58482DDC-BAB8-4C2E-936E-0A72577CA0CA}.Release|Any CPU.Build.0 = Release|Any CPU
		{DB205692-7C49-4FE1-9C7A-94F9FF14A5B6}.Debug|Any CPU.ActiveCfg = Debug|Any CPU
		{DB205692-7C49-4FE1-9C7A-94F9FF14A5B6}.Debug|Any CPU.Build.0 = Debug|Any CPU
		{DB205692-7C49-4FE1-9C7A-94F9FF14A5B6}.Release|Any CPU.ActiveCfg = Release|Any CPU
		{DB205692-7C49-4FE1-9C7A-94F9FF14A5B6}.Release|Any CPU.Build.0 = Release|Any CPU
	EndGlobalSection
	GlobalSection(SolutionProperties) = preSolution
		HideSolutionNode = FALSE
	EndGlobalSection
	GlobalSection(ExtensibilityGlobals) = postSolution
		SolutionGuid = {5F8EEC11-3467-4216-BE8E-B2647C2CDB17}
	EndGlobalSection
EndGlobal
