
Microsoft Visual Studio Solution File, Format Version 12.00
# Visual Studio Version 17
VisualStudioVersion = 17.0.32014.148
MinimumVisualStudioVersion = 10.0.40219.1
Project("{888888A0-9F3D-457C-B088-3A5042F75D52}") = "Day01", "Day01\Day01.pyproj", "{EF41638E-FCD9-4A2D-B58A-9DD62AAAA6C4}"
EndProject
Project("{888888A0-9F3D-457C-B088-3A5042F75D52}") = "Day02", "Day02\Day02.pyproj", "{B4A86A5C-F4BC-4F48-BAB3-4E615DBC68F8}"
EndProject
Project("{888888A0-9F3D-457C-B088-3A5042F75D52}") = "Day03", "Day03\Day03.pyproj", "{8CC17F4E-684D-44F5-A3D8-1EF4E22B9773}"
EndProject
Project("{888888A0-9F3D-457C-B088-3A5042F75D52}") = "Day04", "Day04\Day04.pyproj", "{6D6A1414-2ED5-4219-8683-DBD7F42A0DF0}"
EndProject
Project("{888888A0-9F3D-457C-B088-3A5042F75D52}") = "Day05", "Day05\Day05.pyproj", "{5ECCF2CB-96EF-4312-A312-3198D50F500B}"
EndProject
Project("{888888A0-9F3D-457C-B088-3A5042F75D52}") = "Day06", "Day06\Day06.pyproj", "{1FA87F8F-0BA8-4593-A56E-11764178B6A6}"
EndProject
Project("{888888A0-9F3D-457C-B088-3A5042F75D52}") = "Day07", "Day07\Day07.pyproj", "{DEE5E581-543B-4E36-A7D0-F18BD9AE4AC0}"
EndProject
Project("{888888A0-9F3D-457C-B088-3A5042F75D52}") = "Day08", "Day08\Day08.pyproj", "{50DD324F-7C7C-46A8-A925-B443D66689BC}"
EndProject
Project("{888888A0-9F3D-457C-B088-3A5042F75D52}") = "Day09", "Day09\Day09.pyproj", "{7F659DCF-4B9B-44AF-99A1-F29F59F020FA}"
EndProject
Project("{888888A0-9F3D-457C-B088-3A5042F75D52}") = "Day10", "Day10\Day10.pyproj", "{9AF53482-0FE0-4F1A-A9B7-C3EA3B979494}"
EndProject
Project("{888888A0-9F3D-457C-B088-3A5042F75D52}") = "Day11", "Day11\Day11.pyproj", "{E8E47C4B-9437-4636-B41D-BA352B9303AB}"
EndProject
Project("{888888A0-9F3D-457C-B088-3A5042F75D52}") = "Day12", "Day12\Day12.pyproj", "{6D1256AA-A7E7-4D91-9F95-A2FB3CAAB042}"
EndProject
Project("{888888A0-9F3D-457C-B088-3A5042F75D52}") = "Day13", "Day13\Day13.pyproj", "{E0422C45-3D9D-4958-819C-15516A876DDC}"
EndProject
Project("{888888A0-9F3D-457C-B088-3A5042F75D52}") = "Day14", "Day14\Day14.pyproj", "{6599CF18-9A6E-4391-BA80-9121A10C9639}"
EndProject
Project("{888888A0-9F3D-457C-B088-3A5042F75D52}") = "Day15", "Day15\Day15.pyproj", "{DDC8F0F7-4212-4F66-AA96-F2A415B41F47}"
EndProject
Project("{888888A0-9F3D-457C-B088-3A5042F75D52}") = "Day16", "Day16\Day16.pyproj", "{72492624-3017-4A0C-A32B-50A3C6D1BAE6}"
EndProject
Project("{888888A0-9F3D-457C-B088-3A5042F75D52}") = "Day17", "Day17\Day17.pyproj", "{6FE5E1DE-BF59-4035-9B2D-538CFE347587}"
EndProject
Project("{888888A0-9F3D-457C-B088-3A5042F75D52}") = "Day18", "Day18\Day18.pyproj", "{5D955A67-3854-465E-8D6F-B0847688B626}"
EndProject
Project("{888888A0-9F3D-457C-B088-3A5042F75D52}") = "Day19", "Day19\Day19.pyproj", "{A36792B6-AB36-43CE-9B3E-EC4EA8F78E28}"
EndProject
Project("{888888A0-9F3D-457C-B088-3A5042F75D52}") = "Day20", "Day20\Day20.pyproj", "{13F2D0F7-D127-4A2A-A36D-90EB61A26053}"
EndProject
Project("{888888A0-9F3D-457C-B088-3A5042F75D52}") = "Day21", "Day21\Day21.pyproj", "{CA50E994-A324-4CBE-91A0-BBF149A0FB60}"
EndProject
Project("{888888A0-9F3D-457C-B088-3A5042F75D52}") = "Day22", "Day22\Day22.pyproj", "{ABE184A8-4C47-4C8E-B725-5BCFF945695E}"
EndProject
Project("{888888A0-9F3D-457C-B088-3A5042F75D52}") = "Day23", "Day23\Day23.pyproj", "{D75F9D1B-350C-4689-A983-FD61EA3EDD66}"
EndProject
Project("{888888A0-9F3D-457C-B088-3A5042F75D52}") = "Day24", "Day24\Day24.pyproj", "{6E0A3D8D-9B4F-41EE-8455-7E5D5FEA6E39}"
EndProject
Project("{888888A0-9F3D-457C-B088-3A5042F75D52}") = "Day25", "Day25\Day25.pyproj", "{5CDED382-B31A-4BC6-BC62-CA00CE97F6EF}"
EndProject
Global
	GlobalSection(SolutionConfigurationPlatforms) = preSolution
		Debug|Any CPU = Debug|Any CPU
		Release|Any CPU = Release|Any CPU
	EndGlobalSection
	GlobalSection(ProjectConfigurationPlatforms) = postSolution
		{EF41638E-FCD9-4A2D-B58A-9DD62AAAA6C4}.Debug|Any CPU.ActiveCfg = Debug|Any CPU
		{EF41638E-FCD9-4A2D-B58A-9DD62AAAA6C4}.Release|Any CPU.ActiveCfg = Release|Any CPU
		{B4A86A5C-F4BC-4F48-BAB3-4E615DBC68F8}.Debug|Any CPU.ActiveCfg = Debug|Any CPU
		{B4A86A5C-F4BC-4F48-BAB3-4E615DBC68F8}.Release|Any CPU.ActiveCfg = Release|Any CPU
		{8CC17F4E-684D-44F5-A3D8-1EF4E22B9773}.Debug|Any CPU.ActiveCfg = Debug|Any CPU
		{8CC17F4E-684D-44F5-A3D8-1EF4E22B9773}.Release|Any CPU.ActiveCfg = Release|Any CPU
		{6D6A1414-2ED5-4219-8683-DBD7F42A0DF0}.Debug|Any CPU.ActiveCfg = Debug|Any CPU
		{6D6A1414-2ED5-4219-8683-DBD7F42A0DF0}.Release|Any CPU.ActiveCfg = Release|Any CPU
		{5ECCF2CB-96EF-4312-A312-3198D50F500B}.Debug|Any CPU.ActiveCfg = Debug|Any CPU
		{5ECCF2CB-96EF-4312-A312-3198D50F500B}.Release|Any CPU.ActiveCfg = Release|Any CPU
		{1FA87F8F-0BA8-4593-A56E-11764178B6A6}.Debug|Any CPU.ActiveCfg = Debug|Any CPU
		{1FA87F8F-0BA8-4593-A56E-11764178B6A6}.Release|Any CPU.ActiveCfg = Release|Any CPU
		{DEE5E581-543B-4E36-A7D0-F18BD9AE4AC0}.Debug|Any CPU.ActiveCfg = Debug|Any CPU
		{DEE5E581-543B-4E36-A7D0-F18BD9AE4AC0}.Release|Any CPU.ActiveCfg = Release|Any CPU
		{50DD324F-7C7C-46A8-A925-B443D66689BC}.Debug|Any CPU.ActiveCfg = Debug|Any CPU
		{50DD324F-7C7C-46A8-A925-B443D66689BC}.Release|Any CPU.ActiveCfg = Release|Any CPU
		{7F659DCF-4B9B-44AF-99A1-F29F59F020FA}.Debug|Any CPU.ActiveCfg = Debug|Any CPU
		{7F659DCF-4B9B-44AF-99A1-F29F59F020FA}.Release|Any CPU.ActiveCfg = Release|Any CPU
		{9AF53482-0FE0-4F1A-A9B7-C3EA3B979494}.Debug|Any CPU.ActiveCfg = Debug|Any CPU
		{9AF53482-0FE0-4F1A-A9B7-C3EA3B979494}.Release|Any CPU.ActiveCfg = Release|Any CPU
		{E8E47C4B-9437-4636-B41D-BA352B9303AB}.Debug|Any CPU.ActiveCfg = Debug|Any CPU
		{E8E47C4B-9437-4636-B41D-BA352B9303AB}.Release|Any CPU.ActiveCfg = Release|Any CPU
		{6D1256AA-A7E7-4D91-9F95-A2FB3CAAB042}.Debug|Any CPU.ActiveCfg = Debug|Any CPU
		{6D1256AA-A7E7-4D91-9F95-A2FB3CAAB042}.Release|Any CPU.ActiveCfg = Release|Any CPU
		{E0422C45-3D9D-4958-819C-15516A876DDC}.Debug|Any CPU.ActiveCfg = Debug|Any CPU
		{E0422C45-3D9D-4958-819C-15516A876DDC}.Release|Any CPU.ActiveCfg = Release|Any CPU
		{6599CF18-9A6E-4391-BA80-9121A10C9639}.Debug|Any CPU.ActiveCfg = Debug|Any CPU
		{6599CF18-9A6E-4391-BA80-9121A10C9639}.Release|Any CPU.ActiveCfg = Release|Any CPU
		{DDC8F0F7-4212-4F66-AA96-F2A415B41F47}.Debug|Any CPU.ActiveCfg = Debug|Any CPU
		{DDC8F0F7-4212-4F66-AA96-F2A415B41F47}.Release|Any CPU.ActiveCfg = Release|Any CPU
		{72492624-3017-4A0C-A32B-50A3C6D1BAE6}.Debug|Any CPU.ActiveCfg = Debug|Any CPU
		{72492624-3017-4A0C-A32B-50A3C6D1BAE6}.Release|Any CPU.ActiveCfg = Release|Any CPU
		{6FE5E1DE-BF59-4035-9B2D-538CFE347587}.Debug|Any CPU.ActiveCfg = Debug|Any CPU
		{6FE5E1DE-BF59-4035-9B2D-538CFE347587}.Release|Any CPU.ActiveCfg = Release|Any CPU
		{5D955A67-3854-465E-8D6F-B0847688B626}.Debug|Any CPU.ActiveCfg = Debug|Any CPU
		{5D955A67-3854-465E-8D6F-B0847688B626}.Release|Any CPU.ActiveCfg = Release|Any CPU
		{A36792B6-AB36-43CE-9B3E-EC4EA8F78E28}.Debug|Any CPU.ActiveCfg = Debug|Any CPU
		{A36792B6-AB36-43CE-9B3E-EC4EA8F78E28}.Release|Any CPU.ActiveCfg = Release|Any CPU
		{13F2D0F7-D127-4A2A-A36D-90EB61A26053}.Debug|Any CPU.ActiveCfg = Debug|Any CPU
		{13F2D0F7-D127-4A2A-A36D-90EB61A26053}.Release|Any CPU.ActiveCfg = Release|Any CPU
		{CA50E994-A324-4CBE-91A0-BBF149A0FB60}.Debug|Any CPU.ActiveCfg = Debug|Any CPU
		{CA50E994-A324-4CBE-91A0-BBF149A0FB60}.Release|Any CPU.ActiveCfg = Release|Any CPU
		{ABE184A8-4C47-4C8E-B725-5BCFF945695E}.Debug|Any CPU.ActiveCfg = Debug|Any CPU
		{ABE184A8-4C47-4C8E-B725-5BCFF945695E}.Release|Any CPU.ActiveCfg = Release|Any CPU
		{D75F9D1B-350C-4689-A983-FD61EA3EDD66}.Debug|Any CPU.ActiveCfg = Debug|Any CPU
		{D75F9D1B-350C-4689-A983-FD61EA3EDD66}.Release|Any CPU.ActiveCfg = Release|Any CPU
		{6E0A3D8D-9B4F-41EE-8455-7E5D5FEA6E39}.Debug|Any CPU.ActiveCfg = Debug|Any CPU
		{6E0A3D8D-9B4F-41EE-8455-7E5D5FEA6E39}.Release|Any CPU.ActiveCfg = Release|Any CPU
		{5CDED382-B31A-4BC6-BC62-CA00CE97F6EF}.Debug|Any CPU.ActiveCfg = Debug|Any CPU
		{5CDED382-B31A-4BC6-BC62-CA00CE97F6EF}.Release|Any CPU.ActiveCfg = Release|Any CPU
	EndGlobalSection
	GlobalSection(SolutionProperties) = preSolution
		HideSolutionNode = FALSE
	EndGlobalSection
	GlobalSection(ExtensibilityGlobals) = postSolution
		SolutionGuid = {76DC3EBA-5550-4243-9333-13267581B5DD}
	EndGlobalSection
EndGlobal
